Microsoft Visual Studio Solution File, Format Version 9.00
# Visual Studio 2005
Project("{8BC9CEB8-8B4A-11D0-8D11-00A0C91BC942}") = "app: Helios", "HeliosFox.vcproj", "{86DB1279-AAAB-4AA4-8F19-E433191ABE4C}"
	ProjectSection(ProjectDependencies) = postProject
		{77ACDFFD-C64B-4A18-8FBC-3B0C8A877F0C} = {77ACDFFD-C64B-4A18-8FBC-3B0C8A877F0C}
		{C30C96F6-1E49-4C77-A570-A58D8874C393} = {C30C96F6-1E49-4C77-A570-A58D8874C393}
		{DE06D290-6744-4FC5-BBC6-E28271369ACA} = {DE06D290-6744-4FC5-BBC6-E28271369ACA}
		{276F7F09-5F65-477E-88E0-E8C819CF72CC} = {276F7F09-5F65-477E-88E0-E8C819CF72CC}
		{A4610909-A555-40C5-87A8-B95FEFF45CF5} = {A4610909-A555-40C5-87A8-B95FEFF45CF5}
	EndProjectSection
EndProject
Project("{8BC9CEB8-8B4A-11D0-8D11-00A0C91BC942}") = "lib: Usul", "..\..\Usul\Usul_vs8.vcproj", "{77ACDFFD-C64B-4A18-8FBC-3B0C8A877F0C}"
EndProject
Project("{8BC9CEB8-8B4A-11D0-8D11-00A0C91BC942}") = "lib: OsgTools", "..\..\OsgTools\OsgTools_vs8.vcproj", "{AF80D329-B72A-4964-9D76-9F16B5C0A9D0}"
	ProjectSection(ProjectDependencies) = postProject
		{77ACDFFD-C64B-4A18-8FBC-3B0C8A877F0C} = {77ACDFFD-C64B-4A18-8FBC-3B0C8A877F0C}
		{77ACDFFD-C64B-4A18-8FBC-3B0C8A877F0C} = {77ACDFFD-C64B-4A18-8FBC-3B0C8A877F0C}
	EndProjectSection
EndProject
Project("{8BC9CEB8-8B4A-11D0-8D11-00A0C91BC942}") = "plug: osgPlugin PDB", "..\..\osgPlugins\pdb\pdb_vs8.vcproj", "{2835E2F2-C91A-4B61-AD3F-9F5E183CC2D0}"
	ProjectSection(ProjectDependencies) = postProject
		{77ACDFFD-C64B-4A18-8FBC-3B0C8A877F0C} = {77ACDFFD-C64B-4A18-8FBC-3B0C8A877F0C}
		{DB2DC12F-1F7F-4B66-B888-A6DB9FA4ABF7} = {DB2DC12F-1F7F-4B66-B888-A6DB9FA4ABF7}
		{AF80D329-B72A-4964-9D76-9F16B5C0A9D0} = {AF80D329-B72A-4964-9D76-9F16B5C0A9D0}
	EndProjectSection
EndProject
Project("{8BC9CEB8-8B4A-11D0-8D11-00A0C91BC942}") = "lib: XmlDom", "..\..\XmlDom\xml_dom_vs8.vcproj", "{DB2DC12F-1F7F-4B66-B888-A6DB9FA4ABF7}"
EndProject
Project("{8BC9CEB8-8B4A-11D0-8D11-00A0C91BC942}") = "lib: Generic Nurbs", "..\..\GenericNurbs\GN\gn_library_vs8.vcproj", "{1C8F8A43-B135-4301-959A-1ED41708A63F}"
EndProject
Project("{8BC9CEB8-8B4A-11D0-8D11-00A0C91BC942}") = "lib: FoxTools", "..\..\FoxTools\fox_tools_vs8.vcproj", "{C30C96F6-1E49-4C77-A570-A58D8874C393}"
	ProjectSection(ProjectDependencies) = postProject
		{77ACDFFD-C64B-4A18-8FBC-3B0C8A877F0C} = {77ACDFFD-C64B-4A18-8FBC-3B0C8A877F0C}
		{77ACDFFD-C64B-4A18-8FBC-3B0C8A877F0C} = {77ACDFFD-C64B-4A18-8FBC-3B0C8A877F0C}
	EndProjectSection
EndProject
Project("{8BC9CEB8-8B4A-11D0-8D11-00A0C91BC942}") = "lib: OpenThreadsEx", "..\..\Threads\OpenThreads\OpenThreadsEx_vs8.vcproj", "{A4610909-A555-40C5-87A8-B95FEFF45CF5}"
	ProjectSection(ProjectDependencies) = postProject
		{77ACDFFD-C64B-4A18-8FBC-3B0C8A877F0C} = {77ACDFFD-C64B-4A18-8FBC-3B0C8A877F0C}
	EndProjectSection
EndProject
Project("{8BC9CEB8-8B4A-11D0-8D11-00A0C91BC942}") = "plug: Volume Delegate", "Plugins\VolumeDelegate\VolumeDelegate_vs8.vcproj", "{CCB4310F-E232-485A-85E3-2BE890DBDF58}"
	ProjectSection(ProjectDependencies) = postProject
		{77ACDFFD-C64B-4A18-8FBC-3B0C8A877F0C} = {77ACDFFD-C64B-4A18-8FBC-3B0C8A877F0C}
		{C30C96F6-1E49-4C77-A570-A58D8874C393} = {C30C96F6-1E49-4C77-A570-A58D8874C393}
		{AF80D329-B72A-4964-9D76-9F16B5C0A9D0} = {AF80D329-B72A-4964-9D76-9F16B5C0A9D0}
		{276F7F09-5F65-477E-88E0-E8C819CF72CC} = {276F7F09-5F65-477E-88E0-E8C819CF72CC}
	EndProjectSection
EndProject
Project("{8BC9CEB8-8B4A-11D0-8D11-00A0C91BC942}") = "plug: Triangle Delegate", "Plugins\TriangleDelegate\TriangleDelegate_vs8.vcproj", "{3DA70097-8795-43CF-828A-95E00B712579}"
	ProjectSection(ProjectDependencies) = postProject
		{77ACDFFD-C64B-4A18-8FBC-3B0C8A877F0C} = {77ACDFFD-C64B-4A18-8FBC-3B0C8A877F0C}
		{C30C96F6-1E49-4C77-A570-A58D8874C393} = {C30C96F6-1E49-4C77-A570-A58D8874C393}
		{AF80D329-B72A-4964-9D76-9F16B5C0A9D0} = {AF80D329-B72A-4964-9D76-9F16B5C0A9D0}
		{276F7F09-5F65-477E-88E0-E8C819CF72CC} = {276F7F09-5F65-477E-88E0-E8C819CF72CC}
	EndProjectSection
EndProject
Project("{8BC9CEB8-8B4A-11D0-8D11-00A0C91BC942}") = "plug: Molecule Model", "..\Plugins\MoleculeModel\MoleculeModel.vcproj", "{637360FB-AD23-4AC3-9C3A-FF3D6F26A0AA}"
	ProjectSection(ProjectDependencies) = postProject
		{77ACDFFD-C64B-4A18-8FBC-3B0C8A877F0C} = {77ACDFFD-C64B-4A18-8FBC-3B0C8A877F0C}
		{2835E2F2-C91A-4B61-AD3F-9F5E183CC2D0} = {2835E2F2-C91A-4B61-AD3F-9F5E183CC2D0}
	EndProjectSection
EndProject
Project("{8BC9CEB8-8B4A-11D0-8D11-00A0C91BC942}") = "lib: Helios Fox Core", "Core\CoreFox.vcproj", "{DE06D290-6744-4FC5-BBC6-E28271369ACA}"
	ProjectSection(ProjectDependencies) = postProject
		{77ACDFFD-C64B-4A18-8FBC-3B0C8A877F0C} = {77ACDFFD-C64B-4A18-8FBC-3B0C8A877F0C}
		{C30C96F6-1E49-4C77-A570-A58D8874C393} = {C30C96F6-1E49-4C77-A570-A58D8874C393}
		{A4610909-A555-40C5-87A8-B95FEFF45CF5} = {A4610909-A555-40C5-87A8-B95FEFF45CF5}
	EndProjectSection
EndProject
Project("{8BC9CEB8-8B4A-11D0-8D11-00A0C91BC942}") = "lib: Helios Fox Views", "Views\ViewsFox.vcproj", "{276F7F09-5F65-477E-88E0-E8C819CF72CC}"
	ProjectSection(ProjectDependencies) = postProject
		{77ACDFFD-C64B-4A18-8FBC-3B0C8A877F0C} = {77ACDFFD-C64B-4A18-8FBC-3B0C8A877F0C}
		{C30C96F6-1E49-4C77-A570-A58D8874C393} = {C30C96F6-1E49-4C77-A570-A58D8874C393}
		{AF80D329-B72A-4964-9D76-9F16B5C0A9D0} = {AF80D329-B72A-4964-9D76-9F16B5C0A9D0}
		{A4610909-A555-40C5-87A8-B95FEFF45CF5} = {A4610909-A555-40C5-87A8-B95FEFF45CF5}
	EndProjectSection
EndProject
Project("{8BC9CEB8-8B4A-11D0-8D11-00A0C91BC942}") = "plug: Paradis Model", "..\Plugins\ParadisModel\ParadisModel.vcproj", "{2A8A5300-AF0A-11DA-A01B-000E35484D5D}"
	ProjectSection(ProjectDependencies) = postProject
		{77ACDFFD-C64B-4A18-8FBC-3B0C8A877F0C} = {77ACDFFD-C64B-4A18-8FBC-3B0C8A877F0C}
	EndProjectSection
EndProject
Project("{8BC9CEB8-8B4A-11D0-8D11-00A0C91BC942}") = "plug: Scene Model", "..\Plugins\SceneModel\SceneModel.vcproj", "{47535B21-6EAA-48F9-907D-E92F5F3DEB11}"
	ProjectSection(ProjectDependencies) = postProject
		{77ACDFFD-C64B-4A18-8FBC-3B0C8A877F0C} = {77ACDFFD-C64B-4A18-8FBC-3B0C8A877F0C}
		{AF80D329-B72A-4964-9D76-9F16B5C0A9D0} = {AF80D329-B72A-4964-9D76-9F16B5C0A9D0}
	EndProjectSection
EndProject
Project("{8BC9CEB8-8B4A-11D0-8D11-00A0C91BC942}") = "plug: Triangle Model", "..\Plugins\TriangleModel\TriangleModel.vcproj", "{BA05EE0D-7CCA-42FF-8306-7460502ED650}"
	ProjectSection(ProjectDependencies) = postProject
		{77ACDFFD-C64B-4A18-8FBC-3B0C8A877F0C} = {77ACDFFD-C64B-4A18-8FBC-3B0C8A877F0C}
		{AF80D329-B72A-4964-9D76-9F16B5C0A9D0} = {AF80D329-B72A-4964-9D76-9F16B5C0A9D0}
	EndProjectSection
EndProject
Project("{8BC9CEB8-8B4A-11D0-8D11-00A0C91BC942}") = "plug: Volume Model", "..\Plugins\VolumeModel\VolumeModel.vcproj", "{77777D5F-CBD8-4F03-B415-181EB37F0A1D}"
	ProjectSection(ProjectDependencies) = postProject
		{77ACDFFD-C64B-4A18-8FBC-3B0C8A877F0C} = {77ACDFFD-C64B-4A18-8FBC-3B0C8A877F0C}
		{AF80D329-B72A-4964-9D76-9F16B5C0A9D0} = {AF80D329-B72A-4964-9D76-9F16B5C0A9D0}
	EndProjectSection
EndProject
Project("{8BC9CEB8-8B4A-11D0-8D11-00A0C91BC942}") = "plug: Fox Device", "Plugins\FoxDevice\FoxDevice.vcproj", "{0090E2DA-6C9B-4ECA-822F-6EBDCEA20412}"
	ProjectSection(ProjectDependencies) = postProject
		{77ACDFFD-C64B-4A18-8FBC-3B0C8A877F0C} = {77ACDFFD-C64B-4A18-8FBC-3B0C8A877F0C}
	EndProjectSection
EndProject
Project("{8BC9CEB8-8B4A-11D0-8D11-00A0C91BC942}") = "plug: Image Delegate", "Plugins\ImageDelegate\ImageDelegate.vcproj", "{7B57C936-EABB-476E-8E25-3A43189D2833}"
	ProjectSection(ProjectDependencies) = postProject
		{77ACDFFD-C64B-4A18-8FBC-3B0C8A877F0C} = {77ACDFFD-C64B-4A18-8FBC-3B0C8A877F0C}
		{C30C96F6-1E49-4C77-A570-A58D8874C393} = {C30C96F6-1E49-4C77-A570-A58D8874C393}
		{276F7F09-5F65-477E-88E0-E8C819CF72CC} = {276F7F09-5F65-477E-88E0-E8C819CF72CC}
	EndProjectSection
EndProject
Project("{8BC9CEB8-8B4A-11D0-8D11-00A0C91BC942}") = "plug: Image Model", "..\Plugins\ImageModel\ImageModel.vcproj", "{E6028E03-36FD-459D-AA3F-88D6AD9A5917}"
	ProjectSection(ProjectDependencies) = postProject
		{77ACDFFD-C64B-4A18-8FBC-3B0C8A877F0C} = {77ACDFFD-C64B-4A18-8FBC-3B0C8A877F0C}
		{C30C96F6-1E49-4C77-A570-A58D8874C393} = {C30C96F6-1E49-4C77-A570-A58D8874C393}
	EndProjectSection
EndProject
Project("{8BC9CEB8-8B4A-11D0-8D11-00A0C91BC942}") = "plug: Scene Delegate", "Plugins\SceneDelegate\SceneDelegate.vcproj", "{6D8C7AE8-8337-47FB-8D62-41AF8AA4DB5E}"
	ProjectSection(ProjectDependencies) = postProject
		{77ACDFFD-C64B-4A18-8FBC-3B0C8A877F0C} = {77ACDFFD-C64B-4A18-8FBC-3B0C8A877F0C}
		{C30C96F6-1E49-4C77-A570-A58D8874C393} = {C30C96F6-1E49-4C77-A570-A58D8874C393}
		{AF80D329-B72A-4964-9D76-9F16B5C0A9D0} = {AF80D329-B72A-4964-9D76-9F16B5C0A9D0}
		{276F7F09-5F65-477E-88E0-E8C819CF72CC} = {276F7F09-5F65-477E-88E0-E8C819CF72CC}
	EndProjectSection
EndProject
Project("{8BC9CEB8-8B4A-11D0-8D11-00A0C91BC942}") = "plug: SceneStats OSG", "..\Plugins\SceneStatsOSG\scene_stats_osg.vcproj", "{9DB4CC8F-C02F-4857-A256-8112E9903DD9}"
	ProjectSection(ProjectDependencies) = postProject
		{77ACDFFD-C64B-4A18-8FBC-3B0C8A877F0C} = {77ACDFFD-C64B-4A18-8FBC-3B0C8A877F0C}
		{AF80D329-B72A-4964-9D76-9F16B5C0A9D0} = {AF80D329-B72A-4964-9D76-9F16B5C0A9D0}
	EndProjectSection
EndProject
Project("{8BC9CEB8-8B4A-11D0-8D11-00A0C91BC942}") = "plug: View Seek", "Plugins\Seek\seek.vcproj", "{5170EE48-5930-4BA0-B9CD-313637C20D53}"
	ProjectSection(ProjectDependencies) = postProject
		{77ACDFFD-C64B-4A18-8FBC-3B0C8A877F0C} = {77ACDFFD-C64B-4A18-8FBC-3B0C8A877F0C}
		{C30C96F6-1E49-4C77-A570-A58D8874C393} = {C30C96F6-1E49-4C77-A570-A58D8874C393}
		{AF80D329-B72A-4964-9D76-9F16B5C0A9D0} = {AF80D329-B72A-4964-9D76-9F16B5C0A9D0}
	EndProjectSection
EndProject
Project("{8BC9CEB8-8B4A-11D0-8D11-00A0C91BC942}") = "plug: Clip Planes", "Plugins\ClipPlanes\clip_planes.vcproj", "{7727859C-888F-4BEE-8583-DC5F43B269FB}"
	ProjectSection(ProjectDependencies) = postProject
		{77ACDFFD-C64B-4A18-8FBC-3B0C8A877F0C} = {77ACDFFD-C64B-4A18-8FBC-3B0C8A877F0C}
		{C30C96F6-1E49-4C77-A570-A58D8874C393} = {C30C96F6-1E49-4C77-A570-A58D8874C393}
	EndProjectSection
EndProject
Project("{8BC9CEB8-8B4A-11D0-8D11-00A0C91BC942}") = "plug: Scene Tree", "Plugins\SceneTree\scene_tree.vcproj", "{D70BBC74-2067-4B39-84FF-6245810278FD}"
	ProjectSection(ProjectDependencies) = postProject
		{77ACDFFD-C64B-4A18-8FBC-3B0C8A877F0C} = {77ACDFFD-C64B-4A18-8FBC-3B0C8A877F0C}
		{C30C96F6-1E49-4C77-A570-A58D8874C393} = {C30C96F6-1E49-4C77-A570-A58D8874C393}
		{AF80D329-B72A-4964-9D76-9F16B5C0A9D0} = {AF80D329-B72A-4964-9D76-9F16B5C0A9D0}
	EndProjectSection
EndProject
Project("{8BC9CEB8-8B4A-11D0-8D11-00A0C91BC942}") = "plug: Animate", "Plugins\Animate\Animate.vcproj", "{8F7CCB93-7E75-49B0-8881-0B29891C463C}"
	ProjectSection(ProjectDependencies) = postProject
		{77ACDFFD-C64B-4A18-8FBC-3B0C8A877F0C} = {77ACDFFD-C64B-4A18-8FBC-3B0C8A877F0C}
		{C30C96F6-1E49-4C77-A570-A58D8874C393} = {C30C96F6-1E49-4C77-A570-A58D8874C393}
	EndProjectSection
EndProject
Project("{8BC9CEB8-8B4A-11D0-8D11-00A0C91BC942}") = "plug: Edit Polygon", "Plugins\EditPolygon\EditPolygon.vcproj", "{3A66C2D2-62F7-42B2-AE40-838B654C830B}"
	ProjectSection(ProjectDependencies) = postProject
		{77ACDFFD-C64B-4A18-8FBC-3B0C8A877F0C} = {77ACDFFD-C64B-4A18-8FBC-3B0C8A877F0C}
		{C30C96F6-1E49-4C77-A570-A58D8874C393} = {C30C96F6-1E49-4C77-A570-A58D8874C393}
		{AF80D329-B72A-4964-9D76-9F16B5C0A9D0} = {AF80D329-B72A-4964-9D76-9F16B5C0A9D0}
	EndProjectSection
EndProject
Project("{8BC9CEB8-8B4A-11D0-8D11-00A0C91BC942}") = "plug: AVIWriter", "..\Plugins\AVIWriter\AVIWriter.vcproj", "{4F241186-BE0A-4F1D-BC81-B89E8EBD79C1}"
	ProjectSection(ProjectDependencies) = postProject
		{77ACDFFD-C64B-4A18-8FBC-3B0C8A877F0C} = {77ACDFFD-C64B-4A18-8FBC-3B0C8A877F0C}
	EndProjectSection
EndProject
Project("{8BC9CEB8-8B4A-11D0-8D11-00A0C91BC942}") = "plug: MOVWriter", "..\Plugins\MOVWriter\MOVWriter.vcproj", "{2C5A6360-DC8A-4C91-B0B4-AEBFB998435D}"
	ProjectSection(ProjectDependencies) = postProject
		{77ACDFFD-C64B-4A18-8FBC-3B0C8A877F0C} = {77ACDFFD-C64B-4A18-8FBC-3B0C8A877F0C}
	EndProjectSection
EndProject
Project("{8BC9CEB8-8B4A-11D0-8D11-00A0C91BC942}") = "plug: Grayscale", "..\Plugins\Grayscale\grayscale.vcproj", "{C175AEFA-838E-41B1-B3EA-975CF93468CE}"
	ProjectSection(ProjectDependencies) = postProject
		{77ACDFFD-C64B-4A18-8FBC-3B0C8A877F0C} = {77ACDFFD-C64B-4A18-8FBC-3B0C8A877F0C}
		{AF80D329-B72A-4964-9D76-9F16B5C0A9D0} = {AF80D329-B72A-4964-9D76-9F16B5C0A9D0}
	EndProjectSection
EndProject
Project("{8BC9CEB8-8B4A-11D0-8D11-00A0C91BC942}") = "plug: Group Primitives", "..\Plugins\GroupPrimitives\GroupPrimitives.vcproj", "{87799010-8D08-11DA-9FD3-000E35484D5D}"
	ProjectSection(ProjectDependencies) = postProject
		{77ACDFFD-C64B-4A18-8FBC-3B0C8A877F0C} = {77ACDFFD-C64B-4A18-8FBC-3B0C8A877F0C}
	EndProjectSection
EndProject
Project("{8BC9CEB8-8B4A-11D0-8D11-00A0C91BC942}") = "plug: Histogram", "Plugins\Histogram\histogram.vcproj", "{F910A74F-091D-4ACA-B7AC-CA35722D5856}"
	ProjectSection(ProjectDependencies) = postProject
		{77ACDFFD-C64B-4A18-8FBC-3B0C8A877F0C} = {77ACDFFD-C64B-4A18-8FBC-3B0C8A877F0C}
		{C30C96F6-1E49-4C77-A570-A58D8874C393} = {C30C96F6-1E49-4C77-A570-A58D8874C393}
		{AF80D329-B72A-4964-9D76-9F16B5C0A9D0} = {AF80D329-B72A-4964-9D76-9F16B5C0A9D0}
		{276F7F09-5F65-477E-88E0-E8C819CF72CC} = {276F7F09-5F65-477E-88E0-E8C819CF72CC}
	EndProjectSection
EndProject
Project("{8BC9CEB8-8B4A-11D0-8D11-00A0C91BC942}") = "plug: Invert Image", "..\Plugins\InvertImage\invert_image.vcproj", "{D50E17D6-D62E-4146-B14A-89B1EEFF6425}"
	ProjectSection(ProjectDependencies) = postProject
		{77ACDFFD-C64B-4A18-8FBC-3B0C8A877F0C} = {77ACDFFD-C64B-4A18-8FBC-3B0C8A877F0C}
		{AF80D329-B72A-4964-9D76-9F16B5C0A9D0} = {AF80D329-B72A-4964-9D76-9F16B5C0A9D0}
	EndProjectSection
EndProject
Project("{8BC9CEB8-8B4A-11D0-8D11-00A0C91BC942}") = "plug: Material Editor", "Plugins\MaterialEditor\MaterialEditor.vcproj", "{50A31541-FE69-488A-A95E-41BFECBD6CB5}"
	ProjectSection(ProjectDependencies) = postProject
		{77ACDFFD-C64B-4A18-8FBC-3B0C8A877F0C} = {77ACDFFD-C64B-4A18-8FBC-3B0C8A877F0C}
		{C30C96F6-1E49-4C77-A570-A58D8874C393} = {C30C96F6-1E49-4C77-A570-A58D8874C393}
		{AF80D329-B72A-4964-9D76-9F16B5C0A9D0} = {AF80D329-B72A-4964-9D76-9F16B5C0A9D0}
	EndProjectSection
EndProject
Project("{8BC9CEB8-8B4A-11D0-8D11-00A0C91BC942}") = "plug: New Primitives", "..\Plugins\NewPrimitives\NewPrimitives.vcproj", "{8363B240-7EFB-11DA-9FB1-000F1F20363B}"
	ProjectSection(ProjectDependencies) = postProject
		{77ACDFFD-C64B-4A18-8FBC-3B0C8A877F0C} = {77ACDFFD-C64B-4A18-8FBC-3B0C8A877F0C}
	EndProjectSection
EndProject
Project("{8BC9CEB8-8B4A-11D0-8D11-00A0C91BC942}") = "plug: Threshold", "Plugins\Threshold\Threshold.vcproj", "{B2667218-259A-4B8C-8B18-9C6F4477900B}"
	ProjectSection(ProjectDependencies) = postProject
		{77ACDFFD-C64B-4A18-8FBC-3B0C8A877F0C} = {77ACDFFD-C64B-4A18-8FBC-3B0C8A877F0C}
		{C30C96F6-1E49-4C77-A570-A58D8874C393} = {C30C96F6-1E49-4C77-A570-A58D8874C393}
		{AF80D329-B72A-4964-9D76-9F16B5C0A9D0} = {AF80D329-B72A-4964-9D76-9F16B5C0A9D0}
	EndProjectSection
EndProject
Project("{8BC9CEB8-8B4A-11D0-8D11-00A0C91BC942}") = "plug: Transparency Control", "Plugins\TransparencyControl\transparency_control.vcproj", "{BBE66359-31EB-4299-A333-55DDC29B36FB}"
	ProjectSection(ProjectDependencies) = postProject
		{77ACDFFD-C64B-4A18-8FBC-3B0C8A877F0C} = {77ACDFFD-C64B-4A18-8FBC-3B0C8A877F0C}
		{C30C96F6-1E49-4C77-A570-A58D8874C393} = {C30C96F6-1E49-4C77-A570-A58D8874C393}
		{AF80D329-B72A-4964-9D76-9F16B5C0A9D0} = {AF80D329-B72A-4964-9D76-9F16B5C0A9D0}
	EndProjectSection
EndProject
Project("{8BC9CEB8-8B4A-11D0-8D11-00A0C91BC942}") = "plug: Trianglulate", "..\Plugins\Triangulate\Triangulate.vcproj", "{12C7F9F3-DAF6-4529-B914-ADCDDF637917}"
	ProjectSection(ProjectDependencies) = postProject
		{77ACDFFD-C64B-4A18-8FBC-3B0C8A877F0C} = {77ACDFFD-C64B-4A18-8FBC-3B0C8A877F0C}
	EndProjectSection
EndProject
Project("{8BC9CEB8-8B4A-11D0-8D11-00A0C91BC942}") = "lib: VTKTools", "..\..\Experimental\VTKTools\VTKTools_vs8.vcproj", "{55FA4DF3-4F81-4942-ACF2-A9150C79CCE0}"
	ProjectSection(ProjectDependencies) = postProject
		{77ACDFFD-C64B-4A18-8FBC-3B0C8A877F0C} = {77ACDFFD-C64B-4A18-8FBC-3B0C8A877F0C}
		{AF80D329-B72A-4964-9D76-9F16B5C0A9D0} = {AF80D329-B72A-4964-9D76-9F16B5C0A9D0}
	EndProjectSection
EndProject
Project("{8BC9CEB8-8B4A-11D0-8D11-00A0C91BC942}") = "plug: Decimate Model", "..\..\Experimental\Plugins\DecimateModel\DecimateModel_vs8.vcproj", "{9DABC11E-5FF9-40D8-8D73-F9341205179A}"
	ProjectSection(ProjectDependencies) = postProject
		{77ACDFFD-C64B-4A18-8FBC-3B0C8A877F0C} = {77ACDFFD-C64B-4A18-8FBC-3B0C8A877F0C}
	EndProjectSection
EndProject
Project("{8BC9CEB8-8B4A-11D0-8D11-00A0C91BC942}") = "plug: Decimate Triangles", "..\..\Experimental\Plugins\DecimateTriangles\DecimateTriangles_vs8.vcproj", "{29FA7286-B9EB-4BEB-A4FF-B73EB92E12FD}"
	ProjectSection(ProjectDependencies) = postProject
		{77ACDFFD-C64B-4A18-8FBC-3B0C8A877F0C} = {77ACDFFD-C64B-4A18-8FBC-3B0C8A877F0C}
		{55FA4DF3-4F81-4942-ACF2-A9150C79CCE0} = {55FA4DF3-4F81-4942-ACF2-A9150C79CCE0}
	EndProjectSection
EndProject
Project("{8BC9CEB8-8B4A-11D0-8D11-00A0C91BC942}") = "plug: Smoothing", "..\..\Experimental\Plugins\Smoothing\Smoothing_vs8.vcproj", "{9A768579-3D06-4CF2-2E96-A9C3575C6D47}"
	ProjectSection(ProjectDependencies) = postProject
		{77ACDFFD-C64B-4A18-8FBC-3B0C8A877F0C} = {77ACDFFD-C64B-4A18-8FBC-3B0C8A877F0C}
	EndProjectSection
EndProject
Project("{8BC9CEB8-8B4A-11D0-8D11-00A0C91BC942}") = "plug: SmoothTriangles", "..\..\Experimental\Plugins\SmoothTriangles\Smooth_triangles_vs8.vcproj", "{39E1B7A6-6FD9-4999-9198-647CB5781300}"
	ProjectSection(ProjectDependencies) = postProject
		{77ACDFFD-C64B-4A18-8FBC-3B0C8A877F0C} = {77ACDFFD-C64B-4A18-8FBC-3B0C8A877F0C}
		{55FA4DF3-4F81-4942-ACF2-A9150C79CCE0} = {55FA4DF3-4F81-4942-ACF2-A9150C79CCE0}
	EndProjectSection
EndProject
Project("{8BC9CEB8-8B4A-11D0-8D11-00A0C91BC942}") = "plug: Subdivide Model", "..\..\Experimental\Plugins\SubdivideModel\SubdivideModel_vs8.vcproj", "{34200180-7D74-11DA-9FA9-000F1F20363B}"
	ProjectSection(ProjectDependencies) = postProject
		{77ACDFFD-C64B-4A18-8FBC-3B0C8A877F0C} = {77ACDFFD-C64B-4A18-8FBC-3B0C8A877F0C}
	EndProjectSection
EndProject
Project("{8BC9CEB8-8B4A-11D0-8D11-00A0C91BC942}") = "plug: Subdivide Triangles", "..\..\Experimental\Plugins\SubdivideTriangles\SubdivideTriangles_vs8.vcproj", "{B3DA0AA0-7D76-11DA-9FA9-000F1F20363B}"
	ProjectSection(ProjectDependencies) = postProject
		{77ACDFFD-C64B-4A18-8FBC-3B0C8A877F0C} = {77ACDFFD-C64B-4A18-8FBC-3B0C8A877F0C}
		{55FA4DF3-4F81-4942-ACF2-A9150C79CCE0} = {55FA4DF3-4F81-4942-ACF2-A9150C79CCE0}
	EndProjectSection
EndProject
Project("{8BC9CEB8-8B4A-11D0-8D11-00A0C91BC942}") = "plug: CalcPerVertexNormals", "..\Plugins\CalcPerVertexNormals\CalcPerVertexNormals_vs8.vcproj", "{898F6EAD-A540-4A1E-9371-5CC78D9A0D9A}"
	ProjectSection(ProjectDependencies) = postProject
		{77ACDFFD-C64B-4A18-8FBC-3B0C8A877F0C} = {77ACDFFD-C64B-4A18-8FBC-3B0C8A877F0C}
		{55FA4DF3-4F81-4942-ACF2-A9150C79CCE0} = {55FA4DF3-4F81-4942-ACF2-A9150C79CCE0}
	EndProjectSection
EndProject
Project("{8BC9CEB8-8B4A-11D0-8D11-00A0C91BC942}") = "plug: VolumeToTriangles", "Plugins\VolumeToTriangles\VolumeToTriangles.vcproj", "{2C59B090-B72A-49FF-9E4D-9A9C4BC14AC1}"
	ProjectSection(ProjectDependencies) = postProject
		{77ACDFFD-C64B-4A18-8FBC-3B0C8A877F0C} = {77ACDFFD-C64B-4A18-8FBC-3B0C8A877F0C}
	EndProjectSection
EndProject
Project("{8BC9CEB8-8B4A-11D0-8D11-00A0C91BC942}") = "plug: About", "..\Plugins\About\About_vs8.vcproj", "{28577530-46B2-433F-A317-5A106C4BEE36}"
	ProjectSection(ProjectDependencies) = postProject
		{77ACDFFD-C64B-4A18-8FBC-3B0C8A877F0C} = {77ACDFFD-C64B-4A18-8FBC-3B0C8A877F0C}
	EndProjectSection
EndProject
Global
	GlobalSection(SolutionConfigurationPlatforms) = preSolution
		Debug|Win32 = Debug|Win32
		Release|Win32 = Release|Win32
	EndGlobalSection
	GlobalSection(ProjectConfigurationPlatforms) = postSolution
		{86DB1279-AAAB-4AA4-8F19-E433191ABE4C}.Debug|Win32.ActiveCfg = Debug|Win32
		{86DB1279-AAAB-4AA4-8F19-E433191ABE4C}.Debug|Win32.Build.0 = Debug|Win32
		{86DB1279-AAAB-4AA4-8F19-E433191ABE4C}.Release|Win32.ActiveCfg = Release|Win32
		{86DB1279-AAAB-4AA4-8F19-E433191ABE4C}.Release|Win32.Build.0 = Release|Win32
		{77ACDFFD-C64B-4A18-8FBC-3B0C8A877F0C}.Debug|Win32.ActiveCfg = Debug|Win32
		{77ACDFFD-C64B-4A18-8FBC-3B0C8A877F0C}.Debug|Win32.Build.0 = Debug|Win32
		{77ACDFFD-C64B-4A18-8FBC-3B0C8A877F0C}.Release|Win32.ActiveCfg = Release|Win32
		{77ACDFFD-C64B-4A18-8FBC-3B0C8A877F0C}.Release|Win32.Build.0 = Release|Win32
		{AF80D329-B72A-4964-9D76-9F16B5C0A9D0}.Debug|Win32.ActiveCfg = Debug|Win32
		{AF80D329-B72A-4964-9D76-9F16B5C0A9D0}.Debug|Win32.Build.0 = Debug|Win32
		{AF80D329-B72A-4964-9D76-9F16B5C0A9D0}.Release|Win32.ActiveCfg = Release|Win32
		{AF80D329-B72A-4964-9D76-9F16B5C0A9D0}.Release|Win32.Build.0 = Release|Win32
		{2835E2F2-C91A-4B61-AD3F-9F5E183CC2D0}.Debug|Win32.ActiveCfg = Debug|Win32
		{2835E2F2-C91A-4B61-AD3F-9F5E183CC2D0}.Debug|Win32.Build.0 = Debug|Win32
		{2835E2F2-C91A-4B61-AD3F-9F5E183CC2D0}.Release|Win32.ActiveCfg = Release|Win32
		{2835E2F2-C91A-4B61-AD3F-9F5E183CC2D0}.Release|Win32.Build.0 = Release|Win32
		{DB2DC12F-1F7F-4B66-B888-A6DB9FA4ABF7}.Debug|Win32.ActiveCfg = Debug|Win32
		{DB2DC12F-1F7F-4B66-B888-A6DB9FA4ABF7}.Debug|Win32.Build.0 = Debug|Win32
		{DB2DC12F-1F7F-4B66-B888-A6DB9FA4ABF7}.Release|Win32.ActiveCfg = Release|Win32
		{DB2DC12F-1F7F-4B66-B888-A6DB9FA4ABF7}.Release|Win32.Build.0 = Release|Win32
		{1C8F8A43-B135-4301-959A-1ED41708A63F}.Debug|Win32.ActiveCfg = Debug|Win32
		{1C8F8A43-B135-4301-959A-1ED41708A63F}.Debug|Win32.Build.0 = Debug|Win32
		{1C8F8A43-B135-4301-959A-1ED41708A63F}.Release|Win32.ActiveCfg = Release|Win32
		{1C8F8A43-B135-4301-959A-1ED41708A63F}.Release|Win32.Build.0 = Release|Win32
		{C30C96F6-1E49-4C77-A570-A58D8874C393}.Debug|Win32.ActiveCfg = Debug|Win32
		{C30C96F6-1E49-4C77-A570-A58D8874C393}.Debug|Win32.Build.0 = Debug|Win32
		{C30C96F6-1E49-4C77-A570-A58D8874C393}.Release|Win32.ActiveCfg = Release|Win32
		{C30C96F6-1E49-4C77-A570-A58D8874C393}.Release|Win32.Build.0 = Release|Win32
		{A4610909-A555-40C5-87A8-B95FEFF45CF5}.Debug|Win32.ActiveCfg = Debug|Win32
		{A4610909-A555-40C5-87A8-B95FEFF45CF5}.Debug|Win32.Build.0 = Debug|Win32
		{A4610909-A555-40C5-87A8-B95FEFF45CF5}.Release|Win32.ActiveCfg = Release|Win32
		{A4610909-A555-40C5-87A8-B95FEFF45CF5}.Release|Win32.Build.0 = Release|Win32
		{CCB4310F-E232-485A-85E3-2BE890DBDF58}.Debug|Win32.ActiveCfg = Debug|Win32
		{CCB4310F-E232-485A-85E3-2BE890DBDF58}.Debug|Win32.Build.0 = Debug|Win32
		{CCB4310F-E232-485A-85E3-2BE890DBDF58}.Release|Win32.ActiveCfg = Release|Win32
		{CCB4310F-E232-485A-85E3-2BE890DBDF58}.Release|Win32.Build.0 = Release|Win32
		{3DA70097-8795-43CF-828A-95E00B712579}.Debug|Win32.ActiveCfg = Debug|Win32
		{3DA70097-8795-43CF-828A-95E00B712579}.Debug|Win32.Build.0 = Debug|Win32
		{3DA70097-8795-43CF-828A-95E00B712579}.Release|Win32.ActiveCfg = Release|Win32
		{3DA70097-8795-43CF-828A-95E00B712579}.Release|Win32.Build.0 = Release|Win32
		{637360FB-AD23-4AC3-9C3A-FF3D6F26A0AA}.Debug|Win32.ActiveCfg = Debug|Win32
		{637360FB-AD23-4AC3-9C3A-FF3D6F26A0AA}.Debug|Win32.Build.0 = Debug|Win32
		{637360FB-AD23-4AC3-9C3A-FF3D6F26A0AA}.Release|Win32.ActiveCfg = Release|Win32
		{637360FB-AD23-4AC3-9C3A-FF3D6F26A0AA}.Release|Win32.Build.0 = Release|Win32
		{DE06D290-6744-4FC5-BBC6-E28271369ACA}.Debug|Win32.ActiveCfg = Debug|Win32
		{DE06D290-6744-4FC5-BBC6-E28271369ACA}.Debug|Win32.Build.0 = Debug|Win32
		{DE06D290-6744-4FC5-BBC6-E28271369ACA}.Release|Win32.ActiveCfg = Release|Win32
		{DE06D290-6744-4FC5-BBC6-E28271369ACA}.Release|Win32.Build.0 = Release|Win32
		{276F7F09-5F65-477E-88E0-E8C819CF72CC}.Debug|Win32.ActiveCfg = Debug|Win32
		{276F7F09-5F65-477E-88E0-E8C819CF72CC}.Debug|Win32.Build.0 = Debug|Win32
		{276F7F09-5F65-477E-88E0-E8C819CF72CC}.Release|Win32.ActiveCfg = Release|Win32
		{276F7F09-5F65-477E-88E0-E8C819CF72CC}.Release|Win32.Build.0 = Release|Win32
		{2A8A5300-AF0A-11DA-A01B-000E35484D5D}.Debug|Win32.ActiveCfg = Debug|Win32
		{2A8A5300-AF0A-11DA-A01B-000E35484D5D}.Debug|Win32.Build.0 = Debug|Win32
		{2A8A5300-AF0A-11DA-A01B-000E35484D5D}.Release|Win32.ActiveCfg = Release|Win32
		{2A8A5300-AF0A-11DA-A01B-000E35484D5D}.Release|Win32.Build.0 = Release|Win32
		{47535B21-6EAA-48F9-907D-E92F5F3DEB11}.Debug|Win32.ActiveCfg = Debug|Win32
		{47535B21-6EAA-48F9-907D-E92F5F3DEB11}.Debug|Win32.Build.0 = Debug|Win32
		{47535B21-6EAA-48F9-907D-E92F5F3DEB11}.Release|Win32.ActiveCfg = Release|Win32
		{47535B21-6EAA-48F9-907D-E92F5F3DEB11}.Release|Win32.Build.0 = Release|Win32
		{BA05EE0D-7CCA-42FF-8306-7460502ED650}.Debug|Win32.ActiveCfg = Debug|Win32
		{BA05EE0D-7CCA-42FF-8306-7460502ED650}.Debug|Win32.Build.0 = Debug|Win32
		{BA05EE0D-7CCA-42FF-8306-7460502ED650}.Release|Win32.ActiveCfg = Release|Win32
		{BA05EE0D-7CCA-42FF-8306-7460502ED650}.Release|Win32.Build.0 = Release|Win32
		{77777D5F-CBD8-4F03-B415-181EB37F0A1D}.Debug|Win32.ActiveCfg = Debug|Win32
		{77777D5F-CBD8-4F03-B415-181EB37F0A1D}.Debug|Win32.Build.0 = Debug|Win32
		{77777D5F-CBD8-4F03-B415-181EB37F0A1D}.Release|Win32.ActiveCfg = Release|Win32
		{77777D5F-CBD8-4F03-B415-181EB37F0A1D}.Release|Win32.Build.0 = Release|Win32
		{0090E2DA-6C9B-4ECA-822F-6EBDCEA20412}.Debug|Win32.ActiveCfg = Debug|Win32
		{0090E2DA-6C9B-4ECA-822F-6EBDCEA20412}.Debug|Win32.Build.0 = Debug|Win32
		{0090E2DA-6C9B-4ECA-822F-6EBDCEA20412}.Release|Win32.ActiveCfg = Release|Win32
		{0090E2DA-6C9B-4ECA-822F-6EBDCEA20412}.Release|Win32.Build.0 = Release|Win32
		{7B57C936-EABB-476E-8E25-3A43189D2833}.Debug|Win32.ActiveCfg = Debug|Win32
		{7B57C936-EABB-476E-8E25-3A43189D2833}.Debug|Win32.Build.0 = Debug|Win32
		{7B57C936-EABB-476E-8E25-3A43189D2833}.Release|Win32.ActiveCfg = Release|Win32
		{7B57C936-EABB-476E-8E25-3A43189D2833}.Release|Win32.Build.0 = Release|Win32
		{E6028E03-36FD-459D-AA3F-88D6AD9A5917}.Debug|Win32.ActiveCfg = Debug|Win32
		{E6028E03-36FD-459D-AA3F-88D6AD9A5917}.Debug|Win32.Build.0 = Debug|Win32
		{E6028E03-36FD-459D-AA3F-88D6AD9A5917}.Release|Win32.ActiveCfg = Release|Win32
		{E6028E03-36FD-459D-AA3F-88D6AD9A5917}.Release|Win32.Build.0 = Release|Win32
		{6D8C7AE8-8337-47FB-8D62-41AF8AA4DB5E}.Debug|Win32.ActiveCfg = Debug|Win32
		{6D8C7AE8-8337-47FB-8D62-41AF8AA4DB5E}.Debug|Win32.Build.0 = Debug|Win32
		{6D8C7AE8-8337-47FB-8D62-41AF8AA4DB5E}.Release|Win32.ActiveCfg = Release|Win32
		{6D8C7AE8-8337-47FB-8D62-41AF8AA4DB5E}.Release|Win32.Build.0 = Release|Win32
		{9DB4CC8F-C02F-4857-A256-8112E9903DD9}.Debug|Win32.ActiveCfg = Debug|Win32
		{9DB4CC8F-C02F-4857-A256-8112E9903DD9}.Debug|Win32.Build.0 = Debug|Win32
		{9DB4CC8F-C02F-4857-A256-8112E9903DD9}.Release|Win32.ActiveCfg = Release|Win32
		{9DB4CC8F-C02F-4857-A256-8112E9903DD9}.Release|Win32.Build.0 = Release|Win32
		{5170EE48-5930-4BA0-B9CD-313637C20D53}.Debug|Win32.ActiveCfg = Debug|Win32
		{5170EE48-5930-4BA0-B9CD-313637C20D53}.Debug|Win32.Build.0 = Debug|Win32
		{5170EE48-5930-4BA0-B9CD-313637C20D53}.Release|Win32.ActiveCfg = Release|Win32
		{5170EE48-5930-4BA0-B9CD-313637C20D53}.Release|Win32.Build.0 = Release|Win32
		{7727859C-888F-4BEE-8583-DC5F43B269FB}.Debug|Win32.ActiveCfg = Debug|Win32
		{7727859C-888F-4BEE-8583-DC5F43B269FB}.Debug|Win32.Build.0 = Debug|Win32
		{7727859C-888F-4BEE-8583-DC5F43B269FB}.Release|Win32.ActiveCfg = Release|Win32
		{7727859C-888F-4BEE-8583-DC5F43B269FB}.Release|Win32.Build.0 = Release|Win32
		{D70BBC74-2067-4B39-84FF-6245810278FD}.Debug|Win32.ActiveCfg = Debug|Win32
		{D70BBC74-2067-4B39-84FF-6245810278FD}.Debug|Win32.Build.0 = Debug|Win32
		{D70BBC74-2067-4B39-84FF-6245810278FD}.Release|Win32.ActiveCfg = Release|Win32
		{D70BBC74-2067-4B39-84FF-6245810278FD}.Release|Win32.Build.0 = Release|Win32
		{8F7CCB93-7E75-49B0-8881-0B29891C463C}.Debug|Win32.ActiveCfg = Debug|Win32
		{8F7CCB93-7E75-49B0-8881-0B29891C463C}.Debug|Win32.Build.0 = Debug|Win32
		{8F7CCB93-7E75-49B0-8881-0B29891C463C}.Release|Win32.ActiveCfg = Release|Win32
		{8F7CCB93-7E75-49B0-8881-0B29891C463C}.Release|Win32.Build.0 = Release|Win32
		{3A66C2D2-62F7-42B2-AE40-838B654C830B}.Debug|Win32.ActiveCfg = Debug|Win32
		{3A66C2D2-62F7-42B2-AE40-838B654C830B}.Debug|Win32.Build.0 = Debug|Win32
		{3A66C2D2-62F7-42B2-AE40-838B654C830B}.Release|Win32.ActiveCfg = Release|Win32
		{3A66C2D2-62F7-42B2-AE40-838B654C830B}.Release|Win32.Build.0 = Release|Win32
		{4F241186-BE0A-4F1D-BC81-B89E8EBD79C1}.Debug|Win32.ActiveCfg = Debug|Win32
		{4F241186-BE0A-4F1D-BC81-B89E8EBD79C1}.Debug|Win32.Build.0 = Debug|Win32
		{4F241186-BE0A-4F1D-BC81-B89E8EBD79C1}.Release|Win32.ActiveCfg = Release|Win32
		{4F241186-BE0A-4F1D-BC81-B89E8EBD79C1}.Release|Win32.Build.0 = Release|Win32
		{2C5A6360-DC8A-4C91-B0B4-AEBFB998435D}.Debug|Win32.ActiveCfg = Debug|Win32
		{2C5A6360-DC8A-4C91-B0B4-AEBFB998435D}.Debug|Win32.Build.0 = Debug|Win32
		{2C5A6360-DC8A-4C91-B0B4-AEBFB998435D}.Release|Win32.ActiveCfg = Release|Win32
		{2C5A6360-DC8A-4C91-B0B4-AEBFB998435D}.Release|Win32.Build.0 = Release|Win32
		{C175AEFA-838E-41B1-B3EA-975CF93468CE}.Debug|Win32.ActiveCfg = Debug|Win32
		{C175AEFA-838E-41B1-B3EA-975CF93468CE}.Debug|Win32.Build.0 = Debug|Win32
		{C175AEFA-838E-41B1-B3EA-975CF93468CE}.Release|Win32.ActiveCfg = Release|Win32
		{C175AEFA-838E-41B1-B3EA-975CF93468CE}.Release|Win32.Build.0 = Release|Win32
		{87799010-8D08-11DA-9FD3-000E35484D5D}.Debug|Win32.ActiveCfg = Debug|Win32
		{87799010-8D08-11DA-9FD3-000E35484D5D}.Debug|Win32.Build.0 = Debug|Win32
		{87799010-8D08-11DA-9FD3-000E35484D5D}.Release|Win32.ActiveCfg = Release|Win32
		{87799010-8D08-11DA-9FD3-000E35484D5D}.Release|Win32.Build.0 = Release|Win32
		{F910A74F-091D-4ACA-B7AC-CA35722D5856}.Debug|Win32.ActiveCfg = Debug|Win32
		{F910A74F-091D-4ACA-B7AC-CA35722D5856}.Debug|Win32.Build.0 = Debug|Win32
		{F910A74F-091D-4ACA-B7AC-CA35722D5856}.Release|Win32.ActiveCfg = Release|Win32
		{F910A74F-091D-4ACA-B7AC-CA35722D5856}.Release|Win32.Build.0 = Release|Win32
		{D50E17D6-D62E-4146-B14A-89B1EEFF6425}.Debug|Win32.ActiveCfg = Debug|Win32
		{D50E17D6-D62E-4146-B14A-89B1EEFF6425}.Debug|Win32.Build.0 = Debug|Win32
		{D50E17D6-D62E-4146-B14A-89B1EEFF6425}.Release|Win32.ActiveCfg = Release|Win32
		{D50E17D6-D62E-4146-B14A-89B1EEFF6425}.Release|Win32.Build.0 = Release|Win32
		{50A31541-FE69-488A-A95E-41BFECBD6CB5}.Debug|Win32.ActiveCfg = Debug|Win32
		{50A31541-FE69-488A-A95E-41BFECBD6CB5}.Debug|Win32.Build.0 = Debug|Win32
		{50A31541-FE69-488A-A95E-41BFECBD6CB5}.Release|Win32.ActiveCfg = Release|Win32
		{50A31541-FE69-488A-A95E-41BFECBD6CB5}.Release|Win32.Build.0 = Release|Win32
		{8363B240-7EFB-11DA-9FB1-000F1F20363B}.Debug|Win32.ActiveCfg = Debug|Win32
		{8363B240-7EFB-11DA-9FB1-000F1F20363B}.Debug|Win32.Build.0 = Debug|Win32
		{8363B240-7EFB-11DA-9FB1-000F1F20363B}.Release|Win32.ActiveCfg = Release|Win32
		{8363B240-7EFB-11DA-9FB1-000F1F20363B}.Release|Win32.Build.0 = Release|Win32
		{B2667218-259A-4B8C-8B18-9C6F4477900B}.Debug|Win32.ActiveCfg = Debug|Win32
		{B2667218-259A-4B8C-8B18-9C6F4477900B}.Debug|Win32.Build.0 = Debug|Win32
		{B2667218-259A-4B8C-8B18-9C6F4477900B}.Release|Win32.ActiveCfg = Release|Win32
		{B2667218-259A-4B8C-8B18-9C6F4477900B}.Release|Win32.Build.0 = Release|Win32
		{BBE66359-31EB-4299-A333-55DDC29B36FB}.Debug|Win32.ActiveCfg = Debug|Win32
		{BBE66359-31EB-4299-A333-55DDC29B36FB}.Debug|Win32.Build.0 = Debug|Win32
		{BBE66359-31EB-4299-A333-55DDC29B36FB}.Release|Win32.ActiveCfg = Release|Win32
		{BBE66359-31EB-4299-A333-55DDC29B36FB}.Release|Win32.Build.0 = Release|Win32
		{12C7F9F3-DAF6-4529-B914-ADCDDF637917}.Debug|Win32.ActiveCfg = Debug|Win32
		{12C7F9F3-DAF6-4529-B914-ADCDDF637917}.Debug|Win32.Build.0 = Debug|Win32
		{12C7F9F3-DAF6-4529-B914-ADCDDF637917}.Release|Win32.ActiveCfg = Release|Win32
		{12C7F9F3-DAF6-4529-B914-ADCDDF637917}.Release|Win32.Build.0 = Release|Win32
		{55FA4DF3-4F81-4942-ACF2-A9150C79CCE0}.Debug|Win32.ActiveCfg = Debug|Win32
		{55FA4DF3-4F81-4942-ACF2-A9150C79CCE0}.Debug|Win32.Build.0 = Debug|Win32
		{55FA4DF3-4F81-4942-ACF2-A9150C79CCE0}.Release|Win32.ActiveCfg = Release|Win32
		{55FA4DF3-4F81-4942-ACF2-A9150C79CCE0}.Release|Win32.Build.0 = Release|Win32
		{9DABC11E-5FF9-40D8-8D73-F9341205179A}.Debug|Win32.ActiveCfg = Debug|Win32
		{9DABC11E-5FF9-40D8-8D73-F9341205179A}.Debug|Win32.Build.0 = Debug|Win32
		{9DABC11E-5FF9-40D8-8D73-F9341205179A}.Release|Win32.ActiveCfg = Release|Win32
		{9DABC11E-5FF9-40D8-8D73-F9341205179A}.Release|Win32.Build.0 = Release|Win32
		{29FA7286-B9EB-4BEB-A4FF-B73EB92E12FD}.Debug|Win32.ActiveCfg = Debug|Win32
		{29FA7286-B9EB-4BEB-A4FF-B73EB92E12FD}.Debug|Win32.Build.0 = Debug|Win32
		{29FA7286-B9EB-4BEB-A4FF-B73EB92E12FD}.Release|Win32.ActiveCfg = Release|Win32
		{29FA7286-B9EB-4BEB-A4FF-B73EB92E12FD}.Release|Win32.Build.0 = Release|Win32
		{9A768579-3D06-4CF2-2E96-A9C3575C6D47}.Debug|Win32.ActiveCfg = Debug|Win32
		{9A768579-3D06-4CF2-2E96-A9C3575C6D47}.Debug|Win32.Build.0 = Debug|Win32
		{9A768579-3D06-4CF2-2E96-A9C3575C6D47}.Release|Win32.ActiveCfg = Release|Win32
		{9A768579-3D06-4CF2-2E96-A9C3575C6D47}.Release|Win32.Build.0 = Release|Win32
		{39E1B7A6-6FD9-4999-9198-647CB5781300}.Debug|Win32.ActiveCfg = Debug|Win32
		{39E1B7A6-6FD9-4999-9198-647CB5781300}.Debug|Win32.Build.0 = Debug|Win32
		{39E1B7A6-6FD9-4999-9198-647CB5781300}.Release|Win32.ActiveCfg = Release|Win32
		{39E1B7A6-6FD9-4999-9198-647CB5781300}.Release|Win32.Build.0 = Release|Win32
		{34200180-7D74-11DA-9FA9-000F1F20363B}.Debug|Win32.ActiveCfg = Debug|Win32
		{34200180-7D74-11DA-9FA9-000F1F20363B}.Debug|Win32.Build.0 = Debug|Win32
		{34200180-7D74-11DA-9FA9-000F1F20363B}.Release|Win32.ActiveCfg = Release|Win32
		{34200180-7D74-11DA-9FA9-000F1F20363B}.Release|Win32.Build.0 = Release|Win32
		{B3DA0AA0-7D76-11DA-9FA9-000F1F20363B}.Debug|Win32.ActiveCfg = Debug|Win32
		{B3DA0AA0-7D76-11DA-9FA9-000F1F20363B}.Debug|Win32.Build.0 = Debug|Win32
		{B3DA0AA0-7D76-11DA-9FA9-000F1F20363B}.Release|Win32.ActiveCfg = Release|Win32
		{B3DA0AA0-7D76-11DA-9FA9-000F1F20363B}.Release|Win32.Build.0 = Release|Win32
		{898F6EAD-A540-4A1E-9371-5CC78D9A0D9A}.Debug|Win32.ActiveCfg = Debug|Win32
		{898F6EAD-A540-4A1E-9371-5CC78D9A0D9A}.Debug|Win32.Build.0 = Debug|Win32
		{898F6EAD-A540-4A1E-9371-5CC78D9A0D9A}.Release|Win32.ActiveCfg = Release|Win32
		{898F6EAD-A540-4A1E-9371-5CC78D9A0D9A}.Release|Win32.Build.0 = Release|Win32
		{2C59B090-B72A-49FF-9E4D-9A9C4BC14AC1}.Debug|Win32.ActiveCfg = Debug|Win32
		{2C59B090-B72A-49FF-9E4D-9A9C4BC14AC1}.Debug|Win32.Build.0 = Debug|Win32
		{2C59B090-B72A-49FF-9E4D-9A9C4BC14AC1}.Release|Win32.ActiveCfg = Release|Win32
		{2C59B090-B72A-49FF-9E4D-9A9C4BC14AC1}.Release|Win32.Build.0 = Release|Win32
		{28577530-46B2-433F-A317-5A106C4BEE36}.Debug|Win32.ActiveCfg = Debug|Win32
		{28577530-46B2-433F-A317-5A106C4BEE36}.Debug|Win32.Build.0 = Debug|Win32
		{28577530-46B2-433F-A317-5A106C4BEE36}.Release|Win32.ActiveCfg = Release|Win32
		{28577530-46B2-433F-A317-5A106C4BEE36}.Release|Win32.Build.0 = Release|Win32
	EndGlobalSection
	GlobalSection(SolutionProperties) = preSolution
		HideSolutionNode = FALSE
	EndGlobalSection
EndGlobal
