
Microsoft Visual Studio Solution File, Format Version 9.00
# Visual Studio 2005
Project("{8BC9CEB8-8B4A-11D0-8D11-00A0C91BC942}") = "lib: CadKit XmlTree", "..\XmlTree\XmlTree.vcproj", "{EB73CDEC-AA7D-43E7-8002-8A5D1D447F88}"
	ProjectSection(ProjectDependencies) = postProject
		{113E80BC-F9F9-45F0-BE8F-E5C22A2CB599} = {113E80BC-F9F9-45F0-BE8F-E5C22A2CB599}
	EndProjectSection
EndProject
Project("{8BC9CEB8-8B4A-11D0-8D11-00A0C91BC942}") = "test: CadKit Serialize 01", "Tests\Test01\Test01.vcproj", "{F6EF639E-F766-4E5A-9CC5-04B7EADBE53E}"
	ProjectSection(ProjectDependencies) = postProject
		{113E80BC-F9F9-45F0-BE8F-E5C22A2CB599} = {113E80BC-F9F9-45F0-BE8F-E5C22A2CB599}
		{EB73CDEC-AA7D-43E7-8002-8A5D1D447F88} = {EB73CDEC-AA7D-43E7-8002-8A5D1D447F88}
		{2AFAFF2F-1967-4124-A178-5F1B703C016F} = {2AFAFF2F-1967-4124-A178-5F1B703C016F}
	EndProjectSection
EndProject
Project("{8BC9CEB8-8B4A-11D0-8D11-00A0C91BC942}") = "Test02", "Tests\Test02\Test02.vcproj", "{6D53F9E4-549B-4346-8B83-9E844DEF7650}"
	ProjectSection(ProjectDependencies) = postProject
		{EB73CDEC-AA7D-43E7-8002-8A5D1D447F88} = {EB73CDEC-AA7D-43E7-8002-8A5D1D447F88}
		{113E80BC-F9F9-45F0-BE8F-E5C22A2CB599} = {113E80BC-F9F9-45F0-BE8F-E5C22A2CB599}
		{2AFAFF2F-1967-4124-A178-5F1B703C016F} = {2AFAFF2F-1967-4124-A178-5F1B703C016F}
	EndProjectSection
EndProject
Project("{8BC9CEB8-8B4A-11D0-8D11-00A0C91BC942}") = "lib: CadKit Usul", "..\Usul\Usul.vcproj", "{113E80BC-F9F9-45F0-BE8F-E5C22A2CB599}"
EndProject
Project("{8BC9CEB8-8B4A-11D0-8D11-00A0C91BC942}") = "lib: CadKit Serialize XML", "XML\SerializeXML.vcproj", "{2AFAFF2F-1967-4124-A178-5F1B703C016F}"
	ProjectSection(ProjectDependencies) = postProject
		{113E80BC-F9F9-45F0-BE8F-E5C22A2CB599} = {113E80BC-F9F9-45F0-BE8F-E5C22A2CB599}
		{EB73CDEC-AA7D-43E7-8002-8A5D1D447F88} = {EB73CDEC-AA7D-43E7-8002-8A5D1D447F88}
	EndProjectSection
EndProject
Global
	GlobalSection(SolutionConfigurationPlatforms) = preSolution
		Debug|Win32 = Debug|Win32
		Release|Win32 = Release|Win32
	EndGlobalSection
	GlobalSection(ProjectConfigurationPlatforms) = postSolution
		{EB73CDEC-AA7D-43E7-8002-8A5D1D447F88}.Debug|Win32.ActiveCfg = Debug|Win32
		{EB73CDEC-AA7D-43E7-8002-8A5D1D447F88}.Debug|Win32.Build.0 = Debug|Win32
		{EB73CDEC-AA7D-43E7-8002-8A5D1D447F88}.Release|Win32.ActiveCfg = Release|Win32
		{EB73CDEC-AA7D-43E7-8002-8A5D1D447F88}.Release|Win32.Build.0 = Release|Win32
		{F6EF639E-F766-4E5A-9CC5-04B7EADBE53E}.Debug|Win32.ActiveCfg = Debug|Win32
		{F6EF639E-F766-4E5A-9CC5-04B7EADBE53E}.Debug|Win32.Build.0 = Debug|Win32
		{F6EF639E-F766-4E5A-9CC5-04B7EADBE53E}.Release|Win32.ActiveCfg = Release|Win32
		{F6EF639E-F766-4E5A-9CC5-04B7EADBE53E}.Release|Win32.Build.0 = Release|Win32
		{6D53F9E4-549B-4346-8B83-9E844DEF7650}.Debug|Win32.ActiveCfg = Debug|Win32
		{6D53F9E4-549B-4346-8B83-9E844DEF7650}.Debug|Win32.Build.0 = Debug|Win32
		{6D53F9E4-549B-4346-8B83-9E844DEF7650}.Release|Win32.ActiveCfg = Release|Win32
		{6D53F9E4-549B-4346-8B83-9E844DEF7650}.Release|Win32.Build.0 = Release|Win32
		{113E80BC-F9F9-45F0-BE8F-E5C22A2CB599}.Debug|Win32.ActiveCfg = Debug|Win32
		{113E80BC-F9F9-45F0-BE8F-E5C22A2CB599}.Debug|Win32.Build.0 = Debug|Win32
		{113E80BC-F9F9-45F0-BE8F-E5C22A2CB599}.Release|Win32.ActiveCfg = Release|Win32
		{113E80BC-F9F9-45F0-BE8F-E5C22A2CB599}.Release|Win32.Build.0 = Release|Win32
		{2AFAFF2F-1967-4124-A178-5F1B703C016F}.Debug|Win32.ActiveCfg = Debug|Win32
		{2AFAFF2F-1967-4124-A178-5F1B703C016F}.Debug|Win32.Build.0 = Debug|Win32
		{2AFAFF2F-1967-4124-A178-5F1B703C016F}.Release|Win32.ActiveCfg = Release|Win32
		{2AFAFF2F-1967-4124-A178-5F1B703C016F}.Release|Win32.Build.0 = Release|Win32
	EndGlobalSection
	GlobalSection(SolutionProperties) = preSolution
		HideSolutionNode = FALSE
	EndGlobalSection
EndGlobal
