
Microsoft Visual Studio Solution File, Format Version 9.00
# Visual Studio 2005
Project("{8BC9CEB8-8B4A-11D0-8D11-00A0C91BC942}") = "test: CadKit Usul Network 01", "Test01\TestWms01.vcproj", "{06A96008-3521-4B0C-A4D7-29A9F6E44052}"
	ProjectSection(ProjectDependencies) = postProject
		{A4610909-A555-40C5-87A8-B95FEFF45CF5} = {A4610909-A555-40C5-87A8-B95FEFF45CF5}
		{113E80BC-F9F9-45F0-BE8F-E5C22A2CB599} = {113E80BC-F9F9-45F0-BE8F-E5C22A2CB599}
	EndProjectSection
EndProject
Project("{8BC9CEB8-8B4A-11D0-8D11-00A0C91BC942}") = "lib: CadKit Usul", "..\..\Usul.vcproj", "{113E80BC-F9F9-45F0-BE8F-E5C22A2CB599}"
EndProject
Project("{8BC9CEB8-8B4A-11D0-8D11-00A0C91BC942}") = "lib: CadKit OpenThreadsEx", "..\..\..\Threads\OpenThreads\OpenThreadsEx.vcproj", "{A4610909-A555-40C5-87A8-B95FEFF45CF5}"
	ProjectSection(ProjectDependencies) = postProject
		{113E80BC-F9F9-45F0-BE8F-E5C22A2CB599} = {113E80BC-F9F9-45F0-BE8F-E5C22A2CB599}
	EndProjectSection
EndProject
Global
	GlobalSection(SolutionConfigurationPlatforms) = preSolution
		Debug|Win32 = Debug|Win32
		Release|Win32 = Release|Win32
	EndGlobalSection
	GlobalSection(ProjectConfigurationPlatforms) = postSolution
		{06A96008-3521-4B0C-A4D7-29A9F6E44052}.Debug|Win32.ActiveCfg = Debug|Win32
		{06A96008-3521-4B0C-A4D7-29A9F6E44052}.Debug|Win32.Build.0 = Debug|Win32
		{06A96008-3521-4B0C-A4D7-29A9F6E44052}.Release|Win32.ActiveCfg = Release|Win32
		{06A96008-3521-4B0C-A4D7-29A9F6E44052}.Release|Win32.Build.0 = Release|Win32
		{113E80BC-F9F9-45F0-BE8F-E5C22A2CB599}.Debug|Win32.ActiveCfg = Debug|Win32
		{113E80BC-F9F9-45F0-BE8F-E5C22A2CB599}.Debug|Win32.Build.0 = Debug|Win32
		{113E80BC-F9F9-45F0-BE8F-E5C22A2CB599}.Release|Win32.ActiveCfg = Release|Win32
		{113E80BC-F9F9-45F0-BE8F-E5C22A2CB599}.Release|Win32.Build.0 = Release|Win32
		{A4610909-A555-40C5-87A8-B95FEFF45CF5}.Debug|Win32.ActiveCfg = Debug|Win32
		{A4610909-A555-40C5-87A8-B95FEFF45CF5}.Debug|Win32.Build.0 = Debug|Win32
		{A4610909-A555-40C5-87A8-B95FEFF45CF5}.Release|Win32.ActiveCfg = Release|Win32
		{A4610909-A555-40C5-87A8-B95FEFF45CF5}.Release|Win32.Build.0 = Release|Win32
	EndGlobalSection
	GlobalSection(SolutionProperties) = preSolution
		HideSolutionNode = FALSE
	EndGlobalSection
EndGlobal
