
Microsoft Visual Studio Solution File, Format Version 9.00
# Visual Studio 2005
Project("{8BC9CEB8-8B4A-11D0-8D11-00A0C91BC942}") = "Movie", "Movie.vcproj", "{DC44EE28-86B1-4FAF-92A8-8C98249F6B52}"
	ProjectSection(ProjectDependencies) = postProject
		{77ACDFFD-C64B-4A18-8FBC-3B0C8A877F0C} = {77ACDFFD-C64B-4A18-8FBC-3B0C8A877F0C}
		{C30C96F6-1E49-4C77-A570-A58D8874C393} = {C30C96F6-1E49-4C77-A570-A58D8874C393}
		{AF80D329-B72A-4964-9D76-9F16B5C0A9D0} = {AF80D329-B72A-4964-9D76-9F16B5C0A9D0}
		{276F7F09-5F65-477E-88E0-E8C819CF72CC} = {276F7F09-5F65-477E-88E0-E8C819CF72CC}
		{A4610909-A555-40C5-87A8-B95FEFF45CF5} = {A4610909-A555-40C5-87A8-B95FEFF45CF5}
	EndProjectSection
EndProject
Project("{8BC9CEB8-8B4A-11D0-8D11-00A0C91BC942}") = "lib: OsgTools", "..\..\OsgTools\OsgTools_vs8.vcproj", "{AF80D329-B72A-4964-9D76-9F16B5C0A9D0}"
	ProjectSection(ProjectDependencies) = postProject
		{77ACDFFD-C64B-4A18-8FBC-3B0C8A877F0C} = {77ACDFFD-C64B-4A18-8FBC-3B0C8A877F0C}
	EndProjectSection
EndProject
Project("{8BC9CEB8-8B4A-11D0-8D11-00A0C91BC942}") = "lib: Usul", "..\..\Usul\Usul_vs8.vcproj", "{77ACDFFD-C64B-4A18-8FBC-3B0C8A877F0C}"
EndProject
Project("{8BC9CEB8-8B4A-11D0-8D11-00A0C91BC942}") = "lib: OpenThreadsEx", "..\..\Threads\OpenThreads\OpenThreadsEx_vs8.vcproj", "{A4610909-A555-40C5-87A8-B95FEFF45CF5}"
	ProjectSection(ProjectDependencies) = postProject
		{77ACDFFD-C64B-4A18-8FBC-3B0C8A877F0C} = {77ACDFFD-C64B-4A18-8FBC-3B0C8A877F0C}
	EndProjectSection
EndProject
Project("{8BC9CEB8-8B4A-11D0-8D11-00A0C91BC942}") = "lib: FoxTools", "..\..\FoxTools\fox_tools_vs8.vcproj", "{C30C96F6-1E49-4C77-A570-A58D8874C393}"
	ProjectSection(ProjectDependencies) = postProject
		{77ACDFFD-C64B-4A18-8FBC-3B0C8A877F0C} = {77ACDFFD-C64B-4A18-8FBC-3B0C8A877F0C}
	EndProjectSection
EndProject
Project("{8BC9CEB8-8B4A-11D0-8D11-00A0C91BC942}") = "lib: Helios Fox Views", "..\..\Helios\Fox\Views\ViewsFox.vcproj", "{276F7F09-5F65-477E-88E0-E8C819CF72CC}"
	ProjectSection(ProjectDependencies) = postProject
		{77ACDFFD-C64B-4A18-8FBC-3B0C8A877F0C} = {77ACDFFD-C64B-4A18-8FBC-3B0C8A877F0C}
		{C30C96F6-1E49-4C77-A570-A58D8874C393} = {C30C96F6-1E49-4C77-A570-A58D8874C393}
		{AF80D329-B72A-4964-9D76-9F16B5C0A9D0} = {AF80D329-B72A-4964-9D76-9F16B5C0A9D0}
		{A4610909-A555-40C5-87A8-B95FEFF45CF5} = {A4610909-A555-40C5-87A8-B95FEFF45CF5}
	EndProjectSection
EndProject
Global
	GlobalSection(SolutionConfigurationPlatforms) = preSolution
		Debug|Win32 = Debug|Win32
		Release|Win32 = Release|Win32
	EndGlobalSection
	GlobalSection(ProjectConfigurationPlatforms) = postSolution
		{DC44EE28-86B1-4FAF-92A8-8C98249F6B52}.Debug|Win32.ActiveCfg = Debug|Win32
		{DC44EE28-86B1-4FAF-92A8-8C98249F6B52}.Debug|Win32.Build.0 = Debug|Win32
		{DC44EE28-86B1-4FAF-92A8-8C98249F6B52}.Release|Win32.ActiveCfg = Release|Win32
		{DC44EE28-86B1-4FAF-92A8-8C98249F6B52}.Release|Win32.Build.0 = Release|Win32
		{AF80D329-B72A-4964-9D76-9F16B5C0A9D0}.Debug|Win32.ActiveCfg = Debug|Win32
		{AF80D329-B72A-4964-9D76-9F16B5C0A9D0}.Debug|Win32.Build.0 = Debug|Win32
		{AF80D329-B72A-4964-9D76-9F16B5C0A9D0}.Release|Win32.ActiveCfg = Release|Win32
		{AF80D329-B72A-4964-9D76-9F16B5C0A9D0}.Release|Win32.Build.0 = Release|Win32
		{77ACDFFD-C64B-4A18-8FBC-3B0C8A877F0C}.Debug|Win32.ActiveCfg = Debug|Win32
		{77ACDFFD-C64B-4A18-8FBC-3B0C8A877F0C}.Debug|Win32.Build.0 = Debug|Win32
		{77ACDFFD-C64B-4A18-8FBC-3B0C8A877F0C}.Release|Win32.ActiveCfg = Release|Win32
		{77ACDFFD-C64B-4A18-8FBC-3B0C8A877F0C}.Release|Win32.Build.0 = Release|Win32
		{A4610909-A555-40C5-87A8-B95FEFF45CF5}.Debug|Win32.ActiveCfg = Debug|Win32
		{A4610909-A555-40C5-87A8-B95FEFF45CF5}.Debug|Win32.Build.0 = Debug|Win32
		{A4610909-A555-40C5-87A8-B95FEFF45CF5}.Release|Win32.ActiveCfg = Release|Win32
		{A4610909-A555-40C5-87A8-B95FEFF45CF5}.Release|Win32.Build.0 = Release|Win32
		{C30C96F6-1E49-4C77-A570-A58D8874C393}.Debug|Win32.ActiveCfg = Debug|Win32
		{C30C96F6-1E49-4C77-A570-A58D8874C393}.Debug|Win32.Build.0 = Debug|Win32
		{C30C96F6-1E49-4C77-A570-A58D8874C393}.Release|Win32.ActiveCfg = Release|Win32
		{C30C96F6-1E49-4C77-A570-A58D8874C393}.Release|Win32.Build.0 = Release|Win32
		{276F7F09-5F65-477E-88E0-E8C819CF72CC}.Debug|Win32.ActiveCfg = Debug|Win32
		{276F7F09-5F65-477E-88E0-E8C819CF72CC}.Debug|Win32.Build.0 = Debug|Win32
		{276F7F09-5F65-477E-88E0-E8C819CF72CC}.Release|Win32.ActiveCfg = Release|Win32
		{276F7F09-5F65-477E-88E0-E8C819CF72CC}.Release|Win32.Build.0 = Release|Win32
	EndGlobalSection
	GlobalSection(SolutionProperties) = preSolution
		HideSolutionNode = FALSE
	EndGlobalSection
EndGlobal
