// !$*UTF8*$!
{
	archiveVersion = 1;
	classes = {
	};
	objectVersion = 39;
	objects = {
		014CEA520018CE5811CA2923 = {
			buildSettings = {
				COPY_PHASE_STRIP = NO;
				GCC_DYNAMIC_NO_PIC = NO;
				GCC_ENABLE_FIX_AND_CONTINUE = YES;
				GCC_GENERATE_DEBUGGING_SYMBOLS = YES;
				GCC_OPTIMIZATION_LEVEL = 0;
				ZERO_LINK = YES;
			};
			isa = PBXBuildStyle;
			name = Development;
		};
		014CEA530018CE5811CA2923 = {
			buildSettings = {
				COPY_PHASE_STRIP = YES;
				GCC_ENABLE_FIX_AND_CONTINUE = NO;
				ZERO_LINK = NO;
			};
			isa = PBXBuildStyle;
			name = Deployment;
		};
//010
//011
//012
//013
//014
//080
//081
//082
//083
//084
		08FB7793FE84155DC02AAC07 = {
			buildSettings = {
			};
			buildStyles = (
				014CEA520018CE5811CA2923,
				014CEA530018CE5811CA2923,
			);
			hasScannedForEncodings = 1;
			isa = PBXProject;
			mainGroup = 08FB7794FE84155DC02AAC07;
			projectDirPath = "";
			targets = (
				D2AAC0620554660B00DB518D,
			);
		};
		08FB7794FE84155DC02AAC07 = {
			children = (
				08FB7795FE84155DC02AAC07,
				43B7D147085F762D00C2A48C,
				1AB674ADFE9D54B511CA2CBB,
			);
			isa = PBXGroup;
			name = FoxTools;
			refType = 4;
			sourceTree = "<group>";
		};
		08FB7795FE84155DC02AAC07 = {
			children = (
				437DFEC00870AF5B00AA5DC4,
				437DFEC30870AF5B00AA5DC4,
				437DFEC60870AF5B00AA5DC4,
				437DFECB0870AF5B00AA5DC4,
				437DFED00870AF5B00AA5DC4,
				437DFED20870AF5B00AA5DC4,
				437DFED40870AF5B00AA5DC4,
				437DFEE60870AF5B00AA5DC4,
				437DFF2A0870AF5B00AA5DC4,
				437DFF2E0870AF5B00AA5DC4,
				437DFF330870AF5B00AA5DC4,
				437DFF420870AF5B00AA5DC4,
				437DFF450870AF5B00AA5DC4,
				437DFF540870AF5B00AA5DC4,
				437DFF570870AF5B00AA5DC4,
			);
			isa = PBXGroup;
			name = Source;
			refType = 4;
			sourceTree = "<group>";
		};
//080
//081
//082
//083
//084
//1A0
//1A1
//1A2
//1A3
//1A4
		1AB674ADFE9D54B511CA2CBB = {
			children = (
				D2AAC0630554660B00DB518D,
			);
			isa = PBXGroup;
			name = Products;
			refType = 4;
			sourceTree = "<group>";
		};
//1A0
//1A1
//1A2
//1A3
//1A4
//430
//431
//432
//433
//434
		43072A8008633F840094F9EB = {
			isa = PBXFileReference;
			lastKnownFileType = "compiled.mach-o.dylib";
			name = "libFOX-1.4.dylib";
			path = "/usr/local/lib/libFOX-1.4.0.0.15.dylib";
			refType = 0;
			sourceTree = "<absolute>";
		};
		43072A8108633F840094F9EB = {
			fileRef = 43072A8008633F840094F9EB;
			isa = PBXBuildFile;
			settings = {
			};
		};
		437DFEC00870AF5B00AA5DC4 = {
			children = (
				437DFEC10870AF5B00AA5DC4,
				437DFEC20870AF5B00AA5DC4,
			);
			isa = PBXGroup;
			path = Adaptors;
			refType = 4;
			sourceTree = "<group>";
		};
		437DFEC10870AF5B00AA5DC4 = {
			fileEncoding = 30;
			isa = PBXFileReference;
			lastKnownFileType = sourcecode.cpp.cpp;
			path = Wait.cpp;
			refType = 4;
			sourceTree = "<group>";
		};
		437DFEC20870AF5B00AA5DC4 = {
			fileEncoding = 30;
			isa = PBXFileReference;
			lastKnownFileType = sourcecode.c.h;
			path = Wait.h;
			refType = 4;
			sourceTree = "<group>";
		};
		437DFEC30870AF5B00AA5DC4 = {
			children = (
				437DFEC40870AF5B00AA5DC4,
				437DFEC50870AF5B00AA5DC4,
			);
			isa = PBXGroup;
			path = App;
			refType = 4;
			sourceTree = "<group>";
		};
		437DFEC40870AF5B00AA5DC4 = {
			fileEncoding = 30;
			isa = PBXFileReference;
			lastKnownFileType = sourcecode.cpp.cpp;
			path = Application.cpp;
			refType = 4;
			sourceTree = "<group>";
		};
		437DFEC50870AF5B00AA5DC4 = {
			fileEncoding = 30;
			isa = PBXFileReference;
			lastKnownFileType = sourcecode.c.h;
			path = Application.h;
			refType = 4;
			sourceTree = "<group>";
		};
		437DFEC60870AF5B00AA5DC4 = {
			children = (
				437DFEC70870AF5B00AA5DC4,
				437DFEC80870AF5B00AA5DC4,
				437DFEC90870AF5B00AA5DC4,
				437DFECA0870AF5B00AA5DC4,
			);
			isa = PBXGroup;
			path = Cursors;
			refType = 4;
			sourceTree = "<group>";
		};
		437DFEC70870AF5B00AA5DC4 = {
			fileEncoding = 30;
			isa = PBXFileReference;
			lastKnownFileType = sourcecode.c.h;
			path = Arrays.h;
			refType = 4;
			sourceTree = "<group>";
		};
		437DFEC80870AF5B00AA5DC4 = {
			fileEncoding = 30;
			isa = PBXFileReference;
			lastKnownFileType = sourcecode.c.h;
			path = CUR.h;
			refType = 4;
			sourceTree = "<group>";
		};
		437DFEC90870AF5B00AA5DC4 = {
			fileEncoding = 30;
			isa = PBXFileReference;
			lastKnownFileType = sourcecode.cpp.cpp;
			path = Factory.cpp;
			refType = 4;
			sourceTree = "<group>";
		};
		437DFECA0870AF5B00AA5DC4 = {
			fileEncoding = 30;
			isa = PBXFileReference;
			lastKnownFileType = sourcecode.c.h;
			path = Factory.h;
			refType = 4;
			sourceTree = "<group>";
		};
		437DFECB0870AF5B00AA5DC4 = {
			children = (
				437DFECC0870AF5B00AA5DC4,
				437DFECD0870AF5B00AA5DC4,
				437DFECE0870AF5B00AA5DC4,
				437DFECF0870AF5B00AA5DC4,
			);
			isa = PBXGroup;
			path = Dialogs;
			refType = 4;
			sourceTree = "<group>";
		};
		437DFECC0870AF5B00AA5DC4 = {
			fileEncoding = 30;
			isa = PBXFileReference;
			lastKnownFileType = sourcecode.cpp.cpp;
			path = FileSelection.cpp;
			refType = 4;
			sourceTree = "<group>";
		};
		437DFECD0870AF5B00AA5DC4 = {
			fileEncoding = 30;
			isa = PBXFileReference;
			lastKnownFileType = sourcecode.c.h;
			path = FileSelection.h;
			refType = 4;
			sourceTree = "<group>";
		};
		437DFECE0870AF5B00AA5DC4 = {
			fileEncoding = 30;
			isa = PBXFileReference;
			lastKnownFileType = sourcecode.cpp.cpp;
			path = Message.cpp;
			refType = 4;
			sourceTree = "<group>";
		};
		437DFECF0870AF5B00AA5DC4 = {
			fileEncoding = 30;
			isa = PBXFileReference;
			lastKnownFileType = sourcecode.c.h;
			path = Message.h;
			refType = 4;
			sourceTree = "<group>";
		};
		437DFED00870AF5B00AA5DC4 = {
			children = (
				437DFED10870AF5B00AA5DC4,
			);
			isa = PBXGroup;
			path = Errors;
			refType = 4;
			sourceTree = "<group>";
		};
		437DFED10870AF5B00AA5DC4 = {
			fileEncoding = 30;
			isa = PBXFileReference;
			lastKnownFileType = sourcecode.c.h;
			path = ErrorChecker.h;
			refType = 4;
			sourceTree = "<group>";
		};
		437DFED20870AF5B00AA5DC4 = {
			children = (
				437DFED30870AF5B00AA5DC4,
			);
			isa = PBXGroup;
			path = Export;
			refType = 4;
			sourceTree = "<group>";
		};
		437DFED30870AF5B00AA5DC4 = {
			fileEncoding = 30;
			isa = PBXFileReference;
			lastKnownFileType = sourcecode.c.h;
			path = Export.h;
			refType = 4;
			sourceTree = "<group>";
		};
		437DFED40870AF5B00AA5DC4 = {
			children = (
				437DFED50870AF5B00AA5DC4,
				437DFED60870AF5B00AA5DC4,
				437DFED70870AF5B00AA5DC4,
				437DFED80870AF5B00AA5DC4,
				437DFED90870AF5B00AA5DC4,
				437DFEDA0870AF5B00AA5DC4,
				437DFEDB0870AF5B00AA5DC4,
				437DFEDC0870AF5B00AA5DC4,
				437DFEDD0870AF5B00AA5DC4,
				437DFEDE0870AF5B00AA5DC4,
				437DFEDF0870AF5B00AA5DC4,
				437DFEE00870AF5B00AA5DC4,
				437DFEE10870AF5B00AA5DC4,
				437DFEE20870AF5B00AA5DC4,
				437DFEE30870AF5B00AA5DC4,
				437DFEE40870AF5B00AA5DC4,
				437DFEE50870AF5B00AA5DC4,
			);
			isa = PBXGroup;
			path = Functions;
			refType = 4;
			sourceTree = "<group>";
		};
		437DFED50870AF5B00AA5DC4 = {
			fileEncoding = 30;
			isa = PBXFileReference;
			lastKnownFileType = sourcecode.cpp.cpp;
			path = App.cpp;
			refType = 4;
			sourceTree = "<group>";
		};
		437DFED60870AF5B00AA5DC4 = {
			fileEncoding = 30;
			isa = PBXFileReference;
			lastKnownFileType = sourcecode.c.h;
			path = App.h;
			refType = 4;
			sourceTree = "<group>";
		};
		437DFED70870AF5B00AA5DC4 = {
			fileEncoding = 30;
			isa = PBXFileReference;
			lastKnownFileType = sourcecode.cpp.cpp;
			path = Check.cpp;
			refType = 4;
			sourceTree = "<group>";
		};
		437DFED80870AF5B00AA5DC4 = {
			fileEncoding = 30;
			isa = PBXFileReference;
			lastKnownFileType = sourcecode.c.h;
			path = Check.h;
			refType = 4;
			sourceTree = "<group>";
		};
		437DFED90870AF5B00AA5DC4 = {
			fileEncoding = 30;
			isa = PBXFileReference;
			lastKnownFileType = sourcecode.cpp.cpp;
			path = Child.cpp;
			refType = 4;
			sourceTree = "<group>";
		};
		437DFEDA0870AF5B00AA5DC4 = {
			fileEncoding = 30;
			isa = PBXFileReference;
			lastKnownFileType = sourcecode.c.h;
			path = Child.h;
			refType = 4;
			sourceTree = "<group>";
		};
		437DFEDB0870AF5B00AA5DC4 = {
			fileEncoding = 30;
			isa = PBXFileReference;
			lastKnownFileType = sourcecode.cpp.cpp;
			path = Delete.cpp;
			refType = 4;
			sourceTree = "<group>";
		};
		437DFEDC0870AF5B00AA5DC4 = {
			fileEncoding = 30;
			isa = PBXFileReference;
			lastKnownFileType = sourcecode.c.h;
			path = Delete.h;
			refType = 4;
			sourceTree = "<group>";
		};
		437DFEDD0870AF5B00AA5DC4 = {
			fileEncoding = 30;
			isa = PBXFileReference;
			lastKnownFileType = sourcecode.cpp.cpp;
			path = Enable.cpp;
			refType = 4;
			sourceTree = "<group>";
		};
		437DFEDE0870AF5B00AA5DC4 = {
			fileEncoding = 30;
			isa = PBXFileReference;
			lastKnownFileType = sourcecode.c.h;
			path = Enable.h;
			refType = 4;
			sourceTree = "<group>";
		};
		437DFEDF0870AF5B00AA5DC4 = {
			fileEncoding = 30;
			isa = PBXFileReference;
			lastKnownFileType = sourcecode.cpp.cpp;
			path = GLVisual.cpp;
			refType = 4;
			sourceTree = "<group>";
		};
		437DFEE00870AF5B00AA5DC4 = {
			fileEncoding = 30;
			isa = PBXFileReference;
			lastKnownFileType = sourcecode.c.h;
			path = GLVisual.h;
			refType = 4;
			sourceTree = "<group>";
		};
		437DFEE10870AF5B00AA5DC4 = {
			fileEncoding = 30;
			isa = PBXFileReference;
			lastKnownFileType = sourcecode.cpp.cpp;
			path = MainWindow.cpp;
			refType = 4;
			sourceTree = "<group>";
		};
		437DFEE20870AF5B00AA5DC4 = {
			fileEncoding = 30;
			isa = PBXFileReference;
			lastKnownFileType = sourcecode.c.h;
			path = MainWindow.h;
			refType = 4;
			sourceTree = "<group>";
		};
		437DFEE30870AF5B00AA5DC4 = {
			fileEncoding = 30;
			isa = PBXFileReference;
			lastKnownFileType = sourcecode.cpp.cpp;
			path = Mouse.cpp;
			refType = 4;
			sourceTree = "<group>";
		};
		437DFEE40870AF5B00AA5DC4 = {
			fileEncoding = 30;
			isa = PBXFileReference;
			lastKnownFileType = sourcecode.c.h;
			path = Mouse.h;
			refType = 4;
			sourceTree = "<group>";
		};
		437DFEE50870AF5B00AA5DC4 = {
			fileEncoding = 30;
			isa = PBXFileReference;
			lastKnownFileType = sourcecode.c.h;
			path = Parent.h;
			refType = 4;
			sourceTree = "<group>";
		};
		437DFEE60870AF5B00AA5DC4 = {
			children = (
				437DFEE70870AF5B00AA5DC4,
				437DFEE80870AF5B00AA5DC4,
				437DFEE90870AF5B00AA5DC4,
				437DFEEA0870AF5B00AA5DC4,
				437DFEEB0870AF5B00AA5DC4,
				437DFEEC0870AF5B00AA5DC4,
				437DFEED0870AF5B00AA5DC4,
				437DFEEE0870AF5B00AA5DC4,
				437DFEEF0870AF5B00AA5DC4,
				437DFEF00870AF5B00AA5DC4,
				437DFEF10870AF5B00AA5DC4,
				437DFEF20870AF5B00AA5DC4,
				437DFEF30870AF5B00AA5DC4,
				437DFEF40870AF5B00AA5DC4,
				437DFEF50870AF5B00AA5DC4,
				437DFEF60870AF5B00AA5DC4,
				437DFEF70870AF5B00AA5DC4,
				437DFEF80870AF5B00AA5DC4,
				437DFEF90870AF5B00AA5DC4,
				437DFEFA0870AF5B00AA5DC4,
				437DFEFB0870AF5B00AA5DC4,
				437DFEFC0870AF5B00AA5DC4,
				437DFEFD0870AF5B00AA5DC4,
				437DFEFE0870AF5B00AA5DC4,
				437DFEFF0870AF5B00AA5DC4,
				437DFF000870AF5B00AA5DC4,
				437DFF010870AF5B00AA5DC4,
				437DFF020870AF5B00AA5DC4,
				437DFF030870AF5B00AA5DC4,
				437DFF040870AF5B00AA5DC4,
				437DFF050870AF5B00AA5DC4,
				437DFF060870AF5B00AA5DC4,
				437DFF070870AF5B00AA5DC4,
				437DFF080870AF5B00AA5DC4,
				437DFF090870AF5B00AA5DC4,
				437DFF0A0870AF5B00AA5DC4,
				437DFF0B0870AF5B00AA5DC4,
				437DFF0C0870AF5B00AA5DC4,
				437DFF0D0870AF5B00AA5DC4,
				437DFF0E0870AF5B00AA5DC4,
				437DFF0F0870AF5B00AA5DC4,
				437DFF100870AF5B00AA5DC4,
				437DFF110870AF5B00AA5DC4,
				437DFF120870AF5B00AA5DC4,
				437DFF130870AF5B00AA5DC4,
				437DFF140870AF5B00AA5DC4,
				437DFF150870AF5B00AA5DC4,
				437DFF160870AF5B00AA5DC4,
				437DFF170870AF5B00AA5DC4,
				437DFF180870AF5B00AA5DC4,
				437DFF190870AF5B00AA5DC4,
				437DFF1A0870AF5B00AA5DC4,
				437DFF1B0870AF5B00AA5DC4,
				437DFF1C0870AF5B00AA5DC4,
				437DFF1D0870AF5B00AA5DC4,
				437DFF1E0870AF5B00AA5DC4,
				437DFF1F0870AF5B00AA5DC4,
				437DFF200870AF5B00AA5DC4,
				437DFF210870AF5B00AA5DC4,
				437DFF220870AF5B00AA5DC4,
				437DFF230870AF5B00AA5DC4,
				437DFF240870AF5B00AA5DC4,
				437DFF250870AF5B00AA5DC4,
				437DFF260870AF5B00AA5DC4,
				437DFF270870AF5B00AA5DC4,
				437DFF280870AF5B00AA5DC4,
				437DFF290870AF5B00AA5DC4,
			);
			isa = PBXGroup;
			path = Headers;
			refType = 4;
			sourceTree = "<group>";
		};
		437DFEE70870AF5B00AA5DC4 = {
			fileEncoding = 30;
			isa = PBXFileReference;
			lastKnownFileType = sourcecode.c.h;
			path = App.h;
			refType = 4;
			sourceTree = "<group>";
		};
		437DFEE80870AF5B00AA5DC4 = {
			fileEncoding = 30;
			isa = PBXFileReference;
			lastKnownFileType = sourcecode.c.h;
			path = BMPIcon.h;
			refType = 4;
			sourceTree = "<group>";
		};
		437DFEE90870AF5B00AA5DC4 = {
			fileEncoding = 30;
			isa = PBXFileReference;
			lastKnownFileType = sourcecode.c.h;
			path = Button.h;
			refType = 4;
			sourceTree = "<group>";
		};
		437DFEEA0870AF5B00AA5DC4 = {
			fileEncoding = 30;
			isa = PBXFileReference;
			lastKnownFileType = sourcecode.c.h;
			path = CheckButton.h;
			refType = 4;
			sourceTree = "<group>";
		};
		437DFEEB0870AF5B00AA5DC4 = {
			fileEncoding = 30;
			isa = PBXFileReference;
			lastKnownFileType = sourcecode.c.h;
			path = ColorDialog.h;
			refType = 4;
			sourceTree = "<group>";
		};
		437DFEEC0870AF5B00AA5DC4 = {
			fileEncoding = 30;
			isa = PBXFileReference;
			lastKnownFileType = sourcecode.c.h;
			path = ComboBox.h;
			refType = 4;
			sourceTree = "<group>";
		};
		437DFEED0870AF5B00AA5DC4 = {
			fileEncoding = 30;
			isa = PBXFileReference;
			lastKnownFileType = sourcecode.c.h;
			path = CURCursor.h;
			refType = 4;
			sourceTree = "<group>";
		};
		437DFEEE0870AF5B00AA5DC4 = {
			fileEncoding = 30;
			isa = PBXFileReference;
			lastKnownFileType = sourcecode.c.h;
			path = Cursor.h;
			refType = 4;
			sourceTree = "<group>";
		};
		437DFEEF0870AF5B00AA5DC4 = {
			fileEncoding = 30;
			isa = PBXFileReference;
			lastKnownFileType = sourcecode.c.h;
			path = Definitions.h;
			refType = 4;
			sourceTree = "<group>";
		};
		437DFEF00870AF5B00AA5DC4 = {
			fileEncoding = 30;
			isa = PBXFileReference;
			lastKnownFileType = sourcecode.c.h;
			path = DialogBox.h;
			refType = 4;
			sourceTree = "<group>";
		};
		437DFEF10870AF5B00AA5DC4 = {
			fileEncoding = 30;
			isa = PBXFileReference;
			lastKnownFileType = sourcecode.c.h;
			path = DirDialog.h;
			refType = 4;
			sourceTree = "<group>";
		};
		437DFEF20870AF5B00AA5DC4 = {
			fileEncoding = 30;
			isa = PBXFileReference;
			lastKnownFileType = sourcecode.c.h;
			path = DockSite.h;
			refType = 4;
			sourceTree = "<group>";
		};
		437DFEF30870AF5B00AA5DC4 = {
			fileEncoding = 30;
			isa = PBXFileReference;
			lastKnownFileType = sourcecode.c.h;
			path = Drawable.h;
			refType = 4;
			sourceTree = "<group>";
		};
		437DFEF40870AF5B00AA5DC4 = {
			fileEncoding = 30;
			isa = PBXFileReference;
			lastKnownFileType = sourcecode.c.h;
			path = File.h;
			refType = 4;
			sourceTree = "<group>";
		};
		437DFEF50870AF5B00AA5DC4 = {
			fileEncoding = 30;
			isa = PBXFileReference;
			lastKnownFileType = sourcecode.c.h;
			path = FileDialog.h;
			refType = 4;
			sourceTree = "<group>";
		};
		437DFEF60870AF5B00AA5DC4 = {
			fileEncoding = 30;
			isa = PBXFileReference;
			lastKnownFileType = sourcecode.c.h;
			path = GIFCursor.h;
			refType = 4;
			sourceTree = "<group>";
		};
		437DFEF70870AF5B00AA5DC4 = {
			fileEncoding = 30;
			isa = PBXFileReference;
			lastKnownFileType = sourcecode.c.h;
			path = GIFIcon.h;
			refType = 4;
			sourceTree = "<group>";
		};
		437DFEF80870AF5B00AA5DC4 = {
			fileEncoding = 30;
			isa = PBXFileReference;
			lastKnownFileType = sourcecode.c.h;
			path = GLCanvas.h;
			refType = 4;
			sourceTree = "<group>";
		};
		437DFEF90870AF5B00AA5DC4 = {
			fileEncoding = 30;
			isa = PBXFileReference;
			lastKnownFileType = sourcecode.c.h;
			path = GLVisual.h;
			refType = 4;
			sourceTree = "<group>";
		};
		437DFEFA0870AF5B00AA5DC4 = {
			fileEncoding = 30;
			isa = PBXFileReference;
			lastKnownFileType = sourcecode.c.h;
			path = GroupBox.h;
			refType = 4;
			sourceTree = "<group>";
		};
		437DFEFB0870AF5B00AA5DC4 = {
			fileEncoding = 30;
			isa = PBXFileReference;
			lastKnownFileType = sourcecode.c.h;
			path = HorizontalFrame.h;
			refType = 4;
			sourceTree = "<group>";
		};
		437DFEFC0870AF5B00AA5DC4 = {
			fileEncoding = 30;
			isa = PBXFileReference;
			lastKnownFileType = sourcecode.c.h;
			path = Icon.h;
			refType = 4;
			sourceTree = "<group>";
		};
		437DFEFD0870AF5B00AA5DC4 = {
			fileEncoding = 30;
			isa = PBXFileReference;
			lastKnownFileType = sourcecode.c.h;
			path = Image.h;
			refType = 4;
			sourceTree = "<group>";
		};
		437DFEFE0870AF5B00AA5DC4 = {
			fileEncoding = 30;
			isa = PBXFileReference;
			lastKnownFileType = sourcecode.c.h;
			path = ImageView.h;
			refType = 4;
			sourceTree = "<group>";
		};
		437DFEFF0870AF5B00AA5DC4 = {
			fileEncoding = 30;
			isa = PBXFileReference;
			lastKnownFileType = sourcecode.c.h;
			path = Label.h;
			refType = 4;
			sourceTree = "<group>";
		};
		437DFF000870AF5B00AA5DC4 = {
			fileEncoding = 30;
			isa = PBXFileReference;
			lastKnownFileType = sourcecode.c.h;
			path = List.h;
			refType = 4;
			sourceTree = "<group>";
		};
		437DFF010870AF5B00AA5DC4 = {
			fileEncoding = 30;
			isa = PBXFileReference;
			lastKnownFileType = sourcecode.c.h;
			path = MainWindow.h;
			refType = 4;
			sourceTree = "<group>";
		};
		437DFF020870AF5B00AA5DC4 = {
			fileEncoding = 30;
			isa = PBXFileReference;
			lastKnownFileType = sourcecode.c.h;
			path = Matrix.h;
			refType = 4;
			sourceTree = "<group>";
		};
		437DFF030870AF5B00AA5DC4 = {
			fileEncoding = 30;
			isa = PBXFileReference;
			lastKnownFileType = sourcecode.c.h;
			path = MDIButton.h;
			refType = 4;
			sourceTree = "<group>";
		};
		437DFF040870AF5B00AA5DC4 = {
			fileEncoding = 30;
			isa = PBXFileReference;
			lastKnownFileType = sourcecode.c.h;
			path = MDIChild.h;
			refType = 4;
			sourceTree = "<group>";
		};
		437DFF050870AF5B00AA5DC4 = {
			fileEncoding = 30;
			isa = PBXFileReference;
			lastKnownFileType = sourcecode.c.h;
			path = MenuBar.h;
			refType = 4;
			sourceTree = "<group>";
		};
		437DFF060870AF5B00AA5DC4 = {
			fileEncoding = 30;
			isa = PBXFileReference;
			lastKnownFileType = sourcecode.c.h;
			path = MenuCascade.h;
			refType = 4;
			sourceTree = "<group>";
		};
		437DFF070870AF5B00AA5DC4 = {
			fileEncoding = 30;
			isa = PBXFileReference;
			lastKnownFileType = sourcecode.c.h;
			path = MenuCheck.h;
			refType = 4;
			sourceTree = "<group>";
		};
		437DFF080870AF5B00AA5DC4 = {
			fileEncoding = 30;
			isa = PBXFileReference;
			lastKnownFileType = sourcecode.c.h;
			path = MenuCommand.h;
			refType = 4;
			sourceTree = "<group>";
		};
		437DFF090870AF5B00AA5DC4 = {
			fileEncoding = 30;
			isa = PBXFileReference;
			lastKnownFileType = sourcecode.c.h;
			path = MenuPane.h;
			refType = 4;
			sourceTree = "<group>";
		};
		437DFF0A0870AF5B00AA5DC4 = {
			fileEncoding = 30;
			isa = PBXFileReference;
			lastKnownFileType = sourcecode.c.h;
			path = MenuRadio.h;
			refType = 4;
			sourceTree = "<group>";
		};
		437DFF0B0870AF5B00AA5DC4 = {
			fileEncoding = 30;
			isa = PBXFileReference;
			lastKnownFileType = sourcecode.c.h;
			path = MenuSeparator.h;
			refType = 4;
			sourceTree = "<group>";
		};
		437DFF0C0870AF5B00AA5DC4 = {
			fileEncoding = 30;
			isa = PBXFileReference;
			lastKnownFileType = sourcecode.c.h;
			path = MenuTitle.h;
			refType = 4;
			sourceTree = "<group>";
		};
		437DFF0D0870AF5B00AA5DC4 = {
			fileEncoding = 30;
			isa = PBXFileReference;
			lastKnownFileType = sourcecode.c.h;
			path = MessageBox.h;
			refType = 4;
			sourceTree = "<group>";
		};
		437DFF0E0870AF5B00AA5DC4 = {
			fileEncoding = 30;
			isa = PBXFileReference;
			lastKnownFileType = sourcecode.c.h;
			path = Object.h;
			refType = 4;
			sourceTree = "<group>";
		};
		437DFF0F0870AF5B00AA5DC4 = {
			fileEncoding = 30;
			isa = PBXFileReference;
			lastKnownFileType = sourcecode.c.h;
			path = PNGIcon.h;
			refType = 4;
			sourceTree = "<group>";
		};
		437DFF100870AF5B00AA5DC4 = {
			fileEncoding = 30;
			isa = PBXFileReference;
			lastKnownFileType = sourcecode.c.h;
			path = ProgressBar.h;
			refType = 4;
			sourceTree = "<group>";
		};
		437DFF110870AF5B00AA5DC4 = {
			fileEncoding = 30;
			isa = PBXFileReference;
			lastKnownFileType = sourcecode.c.h;
			path = RadioButton.h;
			refType = 4;
			sourceTree = "<group>";
		};
		437DFF120870AF5B00AA5DC4 = {
			fileEncoding = 30;
			isa = PBXFileReference;
			lastKnownFileType = sourcecode.c.h;
			path = RealSpinner.h;
			refType = 4;
			sourceTree = "<group>";
		};
		437DFF130870AF5B00AA5DC4 = {
			fileEncoding = 30;
			isa = PBXFileReference;
			lastKnownFileType = sourcecode.c.h;
			path = RecentFiles.h;
			refType = 4;
			sourceTree = "<group>";
		};
		437DFF140870AF5B00AA5DC4 = {
			fileEncoding = 30;
			isa = PBXFileReference;
			lastKnownFileType = sourcecode.c.h;
			path = Registry.h;
			refType = 4;
			sourceTree = "<group>";
		};
		437DFF150870AF5B00AA5DC4 = {
			fileEncoding = 30;
			isa = PBXFileReference;
			lastKnownFileType = sourcecode.c.h;
			path = ScrollPane.h;
			refType = 4;
			sourceTree = "<group>";
		};
		437DFF160870AF5B00AA5DC4 = {
			fileEncoding = 30;
			isa = PBXFileReference;
			lastKnownFileType = sourcecode.c.h;
			path = Separator.h;
			refType = 4;
			sourceTree = "<group>";
		};
		437DFF170870AF5B00AA5DC4 = {
			fileEncoding = 30;
			isa = PBXFileReference;
			lastKnownFileType = sourcecode.c.h;
			path = Slider.h;
			refType = 4;
			sourceTree = "<group>";
		};
		437DFF180870AF5B00AA5DC4 = {
			fileEncoding = 30;
			isa = PBXFileReference;
			lastKnownFileType = sourcecode.c.h;
			path = Spinner.h;
			refType = 4;
			sourceTree = "<group>";
		};
		437DFF190870AF5B00AA5DC4 = {
			fileEncoding = 30;
			isa = PBXFileReference;
			lastKnownFileType = sourcecode.c.h;
			path = Splitter.h;
			refType = 4;
			sourceTree = "<group>";
		};
		437DFF1A0870AF5B00AA5DC4 = {
			fileEncoding = 30;
			isa = PBXFileReference;
			lastKnownFileType = sourcecode.c.h;
			path = StatusBar.h;
			refType = 4;
			sourceTree = "<group>";
		};
		437DFF1B0870AF5B00AA5DC4 = {
			fileEncoding = 30;
			isa = PBXFileReference;
			lastKnownFileType = sourcecode.c.h;
			path = StatusLine.h;
			refType = 4;
			sourceTree = "<group>";
		};
		437DFF1C0870AF5B00AA5DC4 = {
			fileEncoding = 30;
			isa = PBXFileReference;
			lastKnownFileType = sourcecode.c.h;
			path = TabBook.h;
			refType = 4;
			sourceTree = "<group>";
		};
		437DFF1D0870AF5B00AA5DC4 = {
			fileEncoding = 30;
			isa = PBXFileReference;
			lastKnownFileType = sourcecode.c.h;
			path = TabItem.h;
			refType = 4;
			sourceTree = "<group>";
		};
		437DFF1E0870AF5B00AA5DC4 = {
			fileEncoding = 30;
			isa = PBXFileReference;
			lastKnownFileType = sourcecode.c.h;
			path = Text.h;
			refType = 4;
			sourceTree = "<group>";
		};
		437DFF1F0870AF5B00AA5DC4 = {
			fileEncoding = 30;
			isa = PBXFileReference;
			lastKnownFileType = sourcecode.c.h;
			path = TextField.h;
			refType = 4;
			sourceTree = "<group>";
		};
		437DFF200870AF5B00AA5DC4 = {
			fileEncoding = 30;
			isa = PBXFileReference;
			lastKnownFileType = sourcecode.c.h;
			path = ToggleButton.h;
			refType = 4;
			sourceTree = "<group>";
		};
		437DFF210870AF5B00AA5DC4 = {
			fileEncoding = 30;
			isa = PBXFileReference;
			lastKnownFileType = sourcecode.c.h;
			path = ToolBar.h;
			refType = 4;
			sourceTree = "<group>";
		};
		437DFF220870AF5B00AA5DC4 = {
			fileEncoding = 30;
			isa = PBXFileReference;
			lastKnownFileType = sourcecode.c.h;
			path = ToolBarGrip.h;
			refType = 4;
			sourceTree = "<group>";
		};
		437DFF230870AF5B00AA5DC4 = {
			fileEncoding = 30;
			isa = PBXFileReference;
			lastKnownFileType = sourcecode.c.h;
			path = ToolBarShell.h;
			refType = 4;
			sourceTree = "<group>";
		};
		437DFF240870AF5B00AA5DC4 = {
			fileEncoding = 30;
			isa = PBXFileReference;
			lastKnownFileType = sourcecode.c.h;
			path = ToolTip.h;
			refType = 4;
			sourceTree = "<group>";
		};
		437DFF250870AF5B00AA5DC4 = {
			fileEncoding = 30;
			isa = PBXFileReference;
			lastKnownFileType = sourcecode.c.h;
			path = TreeList.h;
			refType = 4;
			sourceTree = "<group>";
		};
		437DFF260870AF5B00AA5DC4 = {
			fileEncoding = 30;
			isa = PBXFileReference;
			lastKnownFileType = sourcecode.c.h;
			path = Vec4f.h;
			refType = 4;
			sourceTree = "<group>";
		};
		437DFF270870AF5B00AA5DC4 = {
			fileEncoding = 30;
			isa = PBXFileReference;
			lastKnownFileType = sourcecode.c.h;
			path = VerticalFrame.h;
			refType = 4;
			sourceTree = "<group>";
		};
		437DFF280870AF5B00AA5DC4 = {
			fileEncoding = 30;
			isa = PBXFileReference;
			lastKnownFileType = sourcecode.c.h;
			path = Visual.h;
			refType = 4;
			sourceTree = "<group>";
		};
		437DFF290870AF5B00AA5DC4 = {
			fileEncoding = 30;
			isa = PBXFileReference;
			lastKnownFileType = sourcecode.c.h;
			path = Window.h;
			refType = 4;
			sourceTree = "<group>";
		};
		437DFF2A0870AF5B00AA5DC4 = {
			children = (
				437DFF2B0870AF5B00AA5DC4,
				437DFF2C0870AF5B00AA5DC4,
				437DFF2D0870AF5B00AA5DC4,
			);
			isa = PBXGroup;
			path = Icons;
			refType = 4;
			sourceTree = "<group>";
		};
		437DFF2B0870AF5B00AA5DC4 = {
			fileEncoding = 30;
			isa = PBXFileReference;
			lastKnownFileType = sourcecode.cpp.cpp;
			path = Factory.cpp;
			refType = 4;
			sourceTree = "<group>";
		};
		437DFF2C0870AF5B00AA5DC4 = {
			fileEncoding = 30;
			isa = PBXFileReference;
			lastKnownFileType = sourcecode.c.h;
			path = Factory.h;
			refType = 4;
			sourceTree = "<group>";
		};
		437DFF2D0870AF5B00AA5DC4 = {
			fileEncoding = 30;
			isa = PBXFileReference;
			lastKnownFileType = sourcecode.c.h;
			path = Images.h;
			refType = 4;
			sourceTree = "<group>";
		};
		437DFF2E0870AF5B00AA5DC4 = {
			children = (
				437DFF2F0870AF5B00AA5DC4,
				437DFF300870AF5B00AA5DC4,
				437DFF310870AF5B00AA5DC4,
				437DFF320870AF5B00AA5DC4,
			);
			isa = PBXGroup;
			path = Items;
			refType = 4;
			sourceTree = "<group>";
		};
		437DFF2F0870AF5B00AA5DC4 = {
			fileEncoding = 30;
			isa = PBXFileReference;
			lastKnownFileType = sourcecode.cpp.cpp;
			path = Command.cpp;
			refType = 4;
			sourceTree = "<group>";
		};
		437DFF300870AF5B00AA5DC4 = {
			fileEncoding = 30;
			isa = PBXFileReference;
			lastKnownFileType = sourcecode.c.h;
			path = Command.h;
			refType = 4;
			sourceTree = "<group>";
		};
		437DFF310870AF5B00AA5DC4 = {
			fileEncoding = 30;
			isa = PBXFileReference;
			lastKnownFileType = sourcecode.cpp.cpp;
			path = Item.cpp;
			refType = 4;
			sourceTree = "<group>";
		};
		437DFF320870AF5B00AA5DC4 = {
			fileEncoding = 30;
			isa = PBXFileReference;
			lastKnownFileType = sourcecode.c.h;
			path = Item.h;
			refType = 4;
			sourceTree = "<group>";
		};
		437DFF330870AF5B00AA5DC4 = {
			children = (
				437DFF340870AF5B00AA5DC4,
				437DFF350870AF5B00AA5DC4,
				437DFF360870AF5B00AA5DC4,
				437DFF370870AF5B00AA5DC4,
				437DFF380870AF5B00AA5DC4,
				437DFF390870AF5B00AA5DC4,
				437DFF3A0870AF5B00AA5DC4,
				437DFF3B0870AF5B00AA5DC4,
				437DFF3C0870AF5B00AA5DC4,
				437DFF3D0870AF5B00AA5DC4,
				437DFF3E0870AF5B00AA5DC4,
				437DFF3F0870AF5B00AA5DC4,
				437DFF400870AF5B00AA5DC4,
				437DFF410870AF5B00AA5DC4,
			);
			isa = PBXGroup;
			path = Menu;
			refType = 4;
			sourceTree = "<group>";
		};
		437DFF340870AF5B00AA5DC4 = {
			fileEncoding = 30;
			isa = PBXFileReference;
			lastKnownFileType = sourcecode.cpp.cpp;
			path = Bar.cpp;
			refType = 4;
			sourceTree = "<group>";
		};
		437DFF350870AF5B00AA5DC4 = {
			fileEncoding = 30;
			isa = PBXFileReference;
			lastKnownFileType = sourcecode.c.h;
			path = Bar.h;
			refType = 4;
			sourceTree = "<group>";
		};
		437DFF360870AF5B00AA5DC4 = {
			fileEncoding = 30;
			isa = PBXFileReference;
			lastKnownFileType = sourcecode.cpp.cpp;
			path = Button.cpp;
			refType = 4;
			sourceTree = "<group>";
		};
		437DFF370870AF5B00AA5DC4 = {
			fileEncoding = 30;
			isa = PBXFileReference;
			lastKnownFileType = sourcecode.c.h;
			path = Button.h;
			refType = 4;
			sourceTree = "<group>";
		};
		437DFF380870AF5B00AA5DC4 = {
			fileEncoding = 30;
			isa = PBXFileReference;
			lastKnownFileType = sourcecode.cpp.cpp;
			path = CheckButton.cpp;
			refType = 4;
			sourceTree = "<group>";
		};
		437DFF390870AF5B00AA5DC4 = {
			fileEncoding = 30;
			isa = PBXFileReference;
			lastKnownFileType = sourcecode.c.h;
			path = CheckButton.h;
			refType = 4;
			sourceTree = "<group>";
		};
		437DFF3A0870AF5B00AA5DC4 = {
			fileEncoding = 30;
			isa = PBXFileReference;
			lastKnownFileType = sourcecode.cpp.cpp;
			path = Group.cpp;
			refType = 4;
			sourceTree = "<group>";
		};
		437DFF3B0870AF5B00AA5DC4 = {
			fileEncoding = 30;
			isa = PBXFileReference;
			lastKnownFileType = sourcecode.c.h;
			path = Group.h;
			refType = 4;
			sourceTree = "<group>";
		};
		437DFF3C0870AF5B00AA5DC4 = {
			fileEncoding = 30;
			isa = PBXFileReference;
			lastKnownFileType = sourcecode.cpp.cpp;
			path = RadioButton.cpp;
			refType = 4;
			sourceTree = "<group>";
		};
		437DFF3D0870AF5B00AA5DC4 = {
			fileEncoding = 30;
			isa = PBXFileReference;
			lastKnownFileType = sourcecode.c.h;
			path = RadioButton.h;
			refType = 4;
			sourceTree = "<group>";
		};
		437DFF3E0870AF5B00AA5DC4 = {
			fileEncoding = 30;
			isa = PBXFileReference;
			lastKnownFileType = sourcecode.cpp.cpp;
			path = RecentFiles.cpp;
			refType = 4;
			sourceTree = "<group>";
		};
		437DFF3F0870AF5B00AA5DC4 = {
			fileEncoding = 30;
			isa = PBXFileReference;
			lastKnownFileType = sourcecode.c.h;
			path = RecentFiles.h;
			refType = 4;
			sourceTree = "<group>";
		};
		437DFF400870AF5B00AA5DC4 = {
			fileEncoding = 30;
			isa = PBXFileReference;
			lastKnownFileType = sourcecode.cpp.cpp;
			path = Separator.cpp;
			refType = 4;
			sourceTree = "<group>";
		};
		437DFF410870AF5B00AA5DC4 = {
			fileEncoding = 30;
			isa = PBXFileReference;
			lastKnownFileType = sourcecode.c.h;
			path = Separator.h;
			refType = 4;
			sourceTree = "<group>";
		};
		437DFF420870AF5B00AA5DC4 = {
			children = (
				437DFF430870AF5B00AA5DC4,
				437DFF440870AF5B00AA5DC4,
			);
			isa = PBXGroup;
			path = Registry;
			refType = 4;
			sourceTree = "<group>";
		};
		437DFF430870AF5B00AA5DC4 = {
			fileEncoding = 30;
			isa = PBXFileReference;
			lastKnownFileType = sourcecode.cpp.cpp;
			path = Registry.cpp;
			refType = 4;
			sourceTree = "<group>";
		};
		437DFF440870AF5B00AA5DC4 = {
			fileEncoding = 30;
			isa = PBXFileReference;
			lastKnownFileType = sourcecode.c.h;
			path = Registry.h;
			refType = 4;
			sourceTree = "<group>";
		};
		437DFF450870AF5B00AA5DC4 = {
			children = (
				437DFF460870AF5B00AA5DC4,
				437DFF470870AF5B00AA5DC4,
				437DFF480870AF5B00AA5DC4,
				437DFF490870AF5B00AA5DC4,
				437DFF4A0870AF5B00AA5DC4,
				437DFF4B0870AF5B00AA5DC4,
				437DFF4C0870AF5B00AA5DC4,
				437DFF4D0870AF5B00AA5DC4,
				437DFF4E0870AF5B00AA5DC4,
				437DFF4F0870AF5B00AA5DC4,
				437DFF500870AF5B00AA5DC4,
				437DFF510870AF5B00AA5DC4,
				437DFF520870AF5B00AA5DC4,
				437DFF530870AF5B00AA5DC4,
			);
			isa = PBXGroup;
			path = ToolBar;
			refType = 4;
			sourceTree = "<group>";
		};
		437DFF460870AF5B00AA5DC4 = {
			fileEncoding = 30;
			isa = PBXFileReference;
			lastKnownFileType = sourcecode.cpp.cpp;
			path = Bar.cpp;
			refType = 4;
			sourceTree = "<group>";
		};
		437DFF470870AF5B00AA5DC4 = {
			fileEncoding = 30;
			isa = PBXFileReference;
			lastKnownFileType = sourcecode.c.h;
			path = Bar.h;
			refType = 4;
			sourceTree = "<group>";
		};
		437DFF480870AF5B00AA5DC4 = {
			fileEncoding = 30;
			isa = PBXFileReference;
			lastKnownFileType = sourcecode.cpp.cpp;
			path = Button.cpp;
			refType = 4;
			sourceTree = "<group>";
		};
		437DFF490870AF5B00AA5DC4 = {
			fileEncoding = 30;
			isa = PBXFileReference;
			lastKnownFileType = sourcecode.c.h;
			path = Button.h;
			refType = 4;
			sourceTree = "<group>";
		};
		437DFF4A0870AF5B00AA5DC4 = {
			fileEncoding = 30;
			isa = PBXFileReference;
			lastKnownFileType = sourcecode.cpp.cpp;
			path = ComboBox.cpp;
			refType = 4;
			sourceTree = "<group>";
		};
		437DFF4B0870AF5B00AA5DC4 = {
			fileEncoding = 30;
			isa = PBXFileReference;
			lastKnownFileType = sourcecode.c.h;
			path = ComboBox.h;
			refType = 4;
			sourceTree = "<group>";
		};
		437DFF4C0870AF5B00AA5DC4 = {
			fileEncoding = 30;
			isa = PBXFileReference;
			lastKnownFileType = sourcecode.cpp.cpp;
			path = DockSite.cpp;
			refType = 4;
			sourceTree = "<group>";
		};
		437DFF4D0870AF5B00AA5DC4 = {
			fileEncoding = 30;
			isa = PBXFileReference;
			lastKnownFileType = sourcecode.c.h;
			path = DockSite.h;
			refType = 4;
			sourceTree = "<group>";
		};
		437DFF4E0870AF5B00AA5DC4 = {
			fileEncoding = 30;
			isa = PBXFileReference;
			lastKnownFileType = sourcecode.cpp.cpp;
			path = Factory.cpp;
			refType = 4;
			sourceTree = "<group>";
		};
		437DFF4F0870AF5B00AA5DC4 = {
			fileEncoding = 30;
			isa = PBXFileReference;
			lastKnownFileType = sourcecode.c.h;
			path = Factory.h;
			refType = 4;
			sourceTree = "<group>";
		};
		437DFF500870AF5B00AA5DC4 = {
			fileEncoding = 30;
			isa = PBXFileReference;
			lastKnownFileType = sourcecode.cpp.cpp;
			path = Separator.cpp;
			refType = 4;
			sourceTree = "<group>";
		};
		437DFF510870AF5B00AA5DC4 = {
			fileEncoding = 30;
			isa = PBXFileReference;
			lastKnownFileType = sourcecode.c.h;
			path = Separator.h;
			refType = 4;
			sourceTree = "<group>";
		};
		437DFF520870AF5B00AA5DC4 = {
			fileEncoding = 30;
			isa = PBXFileReference;
			lastKnownFileType = sourcecode.cpp.cpp;
			path = ToggleButton.cpp;
			refType = 4;
			sourceTree = "<group>";
		};
		437DFF530870AF5B00AA5DC4 = {
			fileEncoding = 30;
			isa = PBXFileReference;
			lastKnownFileType = sourcecode.c.h;
			path = ToggleButton.h;
			refType = 4;
			sourceTree = "<group>";
		};
		437DFF540870AF5B00AA5DC4 = {
			children = (
				437DFF550870AF5B00AA5DC4,
				437DFF560870AF5B00AA5DC4,
			);
			isa = PBXGroup;
			path = Widgets;
			refType = 4;
			sourceTree = "<group>";
		};
		437DFF550870AF5B00AA5DC4 = {
			fileEncoding = 30;
			isa = PBXFileReference;
			lastKnownFileType = sourcecode.cpp.cpp;
			path = SliderTextField.cpp;
			refType = 4;
			sourceTree = "<group>";
		};
		437DFF560870AF5B00AA5DC4 = {
			fileEncoding = 30;
			isa = PBXFileReference;
			lastKnownFileType = sourcecode.c.h;
			path = SliderTextField.h;
			refType = 4;
			sourceTree = "<group>";
		};
		437DFF570870AF5B00AA5DC4 = {
			children = (
				437DFF580870AF5B00AA5DC4,
				437DFF590870AF5B00AA5DC4,
			);
			isa = PBXGroup;
			path = Windows;
			refType = 4;
			sourceTree = "<group>";
		};
		437DFF580870AF5B00AA5DC4 = {
			fileEncoding = 30;
			isa = PBXFileReference;
			lastKnownFileType = sourcecode.cpp.cpp;
			path = MdiChildWindow.cpp;
			refType = 4;
			sourceTree = "<group>";
		};
		437DFF590870AF5B00AA5DC4 = {
			fileEncoding = 30;
			isa = PBXFileReference;
			lastKnownFileType = sourcecode.c.h;
			path = MdiChildWindow.h;
			refType = 4;
			sourceTree = "<group>";
		};
		437DFF5A0870AF5B00AA5DC4 = {
			fileRef = 437DFEC10870AF5B00AA5DC4;
			isa = PBXBuildFile;
			settings = {
			};
		};
		437DFF5B0870AF5B00AA5DC4 = {
			fileRef = 437DFEC20870AF5B00AA5DC4;
			isa = PBXBuildFile;
			settings = {
			};
		};
		437DFF5C0870AF5B00AA5DC4 = {
			fileRef = 437DFEC40870AF5B00AA5DC4;
			isa = PBXBuildFile;
			settings = {
			};
		};
		437DFF5D0870AF5B00AA5DC4 = {
			fileRef = 437DFEC50870AF5B00AA5DC4;
			isa = PBXBuildFile;
			settings = {
			};
		};
		437DFF5E0870AF5B00AA5DC4 = {
			fileRef = 437DFEC70870AF5B00AA5DC4;
			isa = PBXBuildFile;
			settings = {
			};
		};
		437DFF5F0870AF5B00AA5DC4 = {
			fileRef = 437DFEC80870AF5B00AA5DC4;
			isa = PBXBuildFile;
			settings = {
			};
		};
		437DFF600870AF5B00AA5DC4 = {
			fileRef = 437DFEC90870AF5B00AA5DC4;
			isa = PBXBuildFile;
			settings = {
			};
		};
		437DFF610870AF5B00AA5DC4 = {
			fileRef = 437DFECA0870AF5B00AA5DC4;
			isa = PBXBuildFile;
			settings = {
			};
		};
		437DFF620870AF5B00AA5DC4 = {
			fileRef = 437DFECC0870AF5B00AA5DC4;
			isa = PBXBuildFile;
			settings = {
			};
		};
		437DFF630870AF5B00AA5DC4 = {
			fileRef = 437DFECD0870AF5B00AA5DC4;
			isa = PBXBuildFile;
			settings = {
			};
		};
		437DFF640870AF5B00AA5DC4 = {
			fileRef = 437DFECE0870AF5B00AA5DC4;
			isa = PBXBuildFile;
			settings = {
			};
		};
		437DFF650870AF5B00AA5DC4 = {
			fileRef = 437DFECF0870AF5B00AA5DC4;
			isa = PBXBuildFile;
			settings = {
			};
		};
		437DFF660870AF5B00AA5DC4 = {
			fileRef = 437DFED10870AF5B00AA5DC4;
			isa = PBXBuildFile;
			settings = {
			};
		};
		437DFF670870AF5B00AA5DC4 = {
			fileRef = 437DFED30870AF5B00AA5DC4;
			isa = PBXBuildFile;
			settings = {
			};
		};
		437DFF680870AF5B00AA5DC4 = {
			fileRef = 437DFED50870AF5B00AA5DC4;
			isa = PBXBuildFile;
			settings = {
			};
		};
		437DFF690870AF5B00AA5DC4 = {
			fileRef = 437DFED60870AF5B00AA5DC4;
			isa = PBXBuildFile;
			settings = {
			};
		};
		437DFF6A0870AF5B00AA5DC4 = {
			fileRef = 437DFED70870AF5B00AA5DC4;
			isa = PBXBuildFile;
			settings = {
			};
		};
		437DFF6B0870AF5B00AA5DC4 = {
			fileRef = 437DFED80870AF5B00AA5DC4;
			isa = PBXBuildFile;
			settings = {
			};
		};
		437DFF6C0870AF5B00AA5DC4 = {
			fileRef = 437DFED90870AF5B00AA5DC4;
			isa = PBXBuildFile;
			settings = {
			};
		};
		437DFF6D0870AF5B00AA5DC4 = {
			fileRef = 437DFEDA0870AF5B00AA5DC4;
			isa = PBXBuildFile;
			settings = {
			};
		};
		437DFF6E0870AF5B00AA5DC4 = {
			fileRef = 437DFEDB0870AF5B00AA5DC4;
			isa = PBXBuildFile;
			settings = {
			};
		};
		437DFF6F0870AF5B00AA5DC4 = {
			fileRef = 437DFEDC0870AF5B00AA5DC4;
			isa = PBXBuildFile;
			settings = {
			};
		};
		437DFF700870AF5B00AA5DC4 = {
			fileRef = 437DFEDD0870AF5B00AA5DC4;
			isa = PBXBuildFile;
			settings = {
			};
		};
		437DFF710870AF5B00AA5DC4 = {
			fileRef = 437DFEDE0870AF5B00AA5DC4;
			isa = PBXBuildFile;
			settings = {
			};
		};
		437DFF720870AF5B00AA5DC4 = {
			fileRef = 437DFEDF0870AF5B00AA5DC4;
			isa = PBXBuildFile;
			settings = {
			};
		};
		437DFF730870AF5B00AA5DC4 = {
			fileRef = 437DFEE00870AF5B00AA5DC4;
			isa = PBXBuildFile;
			settings = {
			};
		};
		437DFF740870AF5B00AA5DC4 = {
			fileRef = 437DFEE10870AF5B00AA5DC4;
			isa = PBXBuildFile;
			settings = {
			};
		};
		437DFF750870AF5B00AA5DC4 = {
			fileRef = 437DFEE20870AF5B00AA5DC4;
			isa = PBXBuildFile;
			settings = {
			};
		};
		437DFF760870AF5B00AA5DC4 = {
			fileRef = 437DFEE30870AF5B00AA5DC4;
			isa = PBXBuildFile;
			settings = {
			};
		};
		437DFF770870AF5B00AA5DC4 = {
			fileRef = 437DFEE40870AF5B00AA5DC4;
			isa = PBXBuildFile;
			settings = {
			};
		};
		437DFF780870AF5B00AA5DC4 = {
			fileRef = 437DFEE50870AF5B00AA5DC4;
			isa = PBXBuildFile;
			settings = {
			};
		};
		437DFF790870AF5B00AA5DC4 = {
			fileRef = 437DFEE70870AF5B00AA5DC4;
			isa = PBXBuildFile;
			settings = {
			};
		};
		437DFF7A0870AF5B00AA5DC4 = {
			fileRef = 437DFEE80870AF5B00AA5DC4;
			isa = PBXBuildFile;
			settings = {
			};
		};
		437DFF7B0870AF5B00AA5DC4 = {
			fileRef = 437DFEE90870AF5B00AA5DC4;
			isa = PBXBuildFile;
			settings = {
			};
		};
		437DFF7C0870AF5B00AA5DC4 = {
			fileRef = 437DFEEA0870AF5B00AA5DC4;
			isa = PBXBuildFile;
			settings = {
			};
		};
		437DFF7D0870AF5B00AA5DC4 = {
			fileRef = 437DFEEB0870AF5B00AA5DC4;
			isa = PBXBuildFile;
			settings = {
			};
		};
		437DFF7E0870AF5B00AA5DC4 = {
			fileRef = 437DFEEC0870AF5B00AA5DC4;
			isa = PBXBuildFile;
			settings = {
			};
		};
		437DFF7F0870AF5B00AA5DC4 = {
			fileRef = 437DFEED0870AF5B00AA5DC4;
			isa = PBXBuildFile;
			settings = {
			};
		};
		437DFF800870AF5B00AA5DC4 = {
			fileRef = 437DFEEE0870AF5B00AA5DC4;
			isa = PBXBuildFile;
			settings = {
			};
		};
		437DFF810870AF5B00AA5DC4 = {
			fileRef = 437DFEEF0870AF5B00AA5DC4;
			isa = PBXBuildFile;
			settings = {
			};
		};
		437DFF820870AF5B00AA5DC4 = {
			fileRef = 437DFEF00870AF5B00AA5DC4;
			isa = PBXBuildFile;
			settings = {
			};
		};
		437DFF830870AF5B00AA5DC4 = {
			fileRef = 437DFEF10870AF5B00AA5DC4;
			isa = PBXBuildFile;
			settings = {
			};
		};
		437DFF840870AF5B00AA5DC4 = {
			fileRef = 437DFEF20870AF5B00AA5DC4;
			isa = PBXBuildFile;
			settings = {
			};
		};
		437DFF850870AF5B00AA5DC4 = {
			fileRef = 437DFEF30870AF5B00AA5DC4;
			isa = PBXBuildFile;
			settings = {
			};
		};
		437DFF860870AF5B00AA5DC4 = {
			fileRef = 437DFEF40870AF5B00AA5DC4;
			isa = PBXBuildFile;
			settings = {
			};
		};
		437DFF870870AF5B00AA5DC4 = {
			fileRef = 437DFEF50870AF5B00AA5DC4;
			isa = PBXBuildFile;
			settings = {
			};
		};
		437DFF880870AF5B00AA5DC4 = {
			fileRef = 437DFEF60870AF5B00AA5DC4;
			isa = PBXBuildFile;
			settings = {
			};
		};
		437DFF890870AF5B00AA5DC4 = {
			fileRef = 437DFEF70870AF5B00AA5DC4;
			isa = PBXBuildFile;
			settings = {
			};
		};
		437DFF8A0870AF5B00AA5DC4 = {
			fileRef = 437DFEF80870AF5B00AA5DC4;
			isa = PBXBuildFile;
			settings = {
			};
		};
		437DFF8B0870AF5B00AA5DC4 = {
			fileRef = 437DFEF90870AF5B00AA5DC4;
			isa = PBXBuildFile;
			settings = {
			};
		};
		437DFF8C0870AF5B00AA5DC4 = {
			fileRef = 437DFEFA0870AF5B00AA5DC4;
			isa = PBXBuildFile;
			settings = {
			};
		};
		437DFF8D0870AF5B00AA5DC4 = {
			fileRef = 437DFEFB0870AF5B00AA5DC4;
			isa = PBXBuildFile;
			settings = {
			};
		};
		437DFF8E0870AF5B00AA5DC4 = {
			fileRef = 437DFEFC0870AF5B00AA5DC4;
			isa = PBXBuildFile;
			settings = {
			};
		};
		437DFF8F0870AF5B00AA5DC4 = {
			fileRef = 437DFEFD0870AF5B00AA5DC4;
			isa = PBXBuildFile;
			settings = {
			};
		};
		437DFF900870AF5B00AA5DC4 = {
			fileRef = 437DFEFE0870AF5B00AA5DC4;
			isa = PBXBuildFile;
			settings = {
			};
		};
		437DFF910870AF5B00AA5DC4 = {
			fileRef = 437DFEFF0870AF5B00AA5DC4;
			isa = PBXBuildFile;
			settings = {
			};
		};
		437DFF920870AF5B00AA5DC4 = {
			fileRef = 437DFF000870AF5B00AA5DC4;
			isa = PBXBuildFile;
			settings = {
			};
		};
		437DFF930870AF5B00AA5DC4 = {
			fileRef = 437DFF010870AF5B00AA5DC4;
			isa = PBXBuildFile;
			settings = {
			};
		};
		437DFF940870AF5B00AA5DC4 = {
			fileRef = 437DFF020870AF5B00AA5DC4;
			isa = PBXBuildFile;
			settings = {
			};
		};
		437DFF950870AF5B00AA5DC4 = {
			fileRef = 437DFF030870AF5B00AA5DC4;
			isa = PBXBuildFile;
			settings = {
			};
		};
		437DFF960870AF5B00AA5DC4 = {
			fileRef = 437DFF040870AF5B00AA5DC4;
			isa = PBXBuildFile;
			settings = {
			};
		};
		437DFF970870AF5B00AA5DC4 = {
			fileRef = 437DFF050870AF5B00AA5DC4;
			isa = PBXBuildFile;
			settings = {
			};
		};
		437DFF980870AF5B00AA5DC4 = {
			fileRef = 437DFF060870AF5B00AA5DC4;
			isa = PBXBuildFile;
			settings = {
			};
		};
		437DFF990870AF5B00AA5DC4 = {
			fileRef = 437DFF070870AF5B00AA5DC4;
			isa = PBXBuildFile;
			settings = {
			};
		};
		437DFF9A0870AF5B00AA5DC4 = {
			fileRef = 437DFF080870AF5B00AA5DC4;
			isa = PBXBuildFile;
			settings = {
			};
		};
		437DFF9B0870AF5B00AA5DC4 = {
			fileRef = 437DFF090870AF5B00AA5DC4;
			isa = PBXBuildFile;
			settings = {
			};
		};
		437DFF9C0870AF5B00AA5DC4 = {
			fileRef = 437DFF0A0870AF5B00AA5DC4;
			isa = PBXBuildFile;
			settings = {
			};
		};
		437DFF9D0870AF5B00AA5DC4 = {
			fileRef = 437DFF0B0870AF5B00AA5DC4;
			isa = PBXBuildFile;
			settings = {
			};
		};
		437DFF9E0870AF5B00AA5DC4 = {
			fileRef = 437DFF0C0870AF5B00AA5DC4;
			isa = PBXBuildFile;
			settings = {
			};
		};
		437DFF9F0870AF5B00AA5DC4 = {
			fileRef = 437DFF0D0870AF5B00AA5DC4;
			isa = PBXBuildFile;
			settings = {
			};
		};
		437DFFA00870AF5B00AA5DC4 = {
			fileRef = 437DFF0E0870AF5B00AA5DC4;
			isa = PBXBuildFile;
			settings = {
			};
		};
		437DFFA10870AF5B00AA5DC4 = {
			fileRef = 437DFF0F0870AF5B00AA5DC4;
			isa = PBXBuildFile;
			settings = {
			};
		};
		437DFFA20870AF5B00AA5DC4 = {
			fileRef = 437DFF100870AF5B00AA5DC4;
			isa = PBXBuildFile;
			settings = {
			};
		};
		437DFFA30870AF5B00AA5DC4 = {
			fileRef = 437DFF110870AF5B00AA5DC4;
			isa = PBXBuildFile;
			settings = {
			};
		};
		437DFFA40870AF5B00AA5DC4 = {
			fileRef = 437DFF120870AF5B00AA5DC4;
			isa = PBXBuildFile;
			settings = {
			};
		};
		437DFFA50870AF5B00AA5DC4 = {
			fileRef = 437DFF130870AF5B00AA5DC4;
			isa = PBXBuildFile;
			settings = {
			};
		};
		437DFFA60870AF5B00AA5DC4 = {
			fileRef = 437DFF140870AF5B00AA5DC4;
			isa = PBXBuildFile;
			settings = {
			};
		};
		437DFFA70870AF5B00AA5DC4 = {
			fileRef = 437DFF150870AF5B00AA5DC4;
			isa = PBXBuildFile;
			settings = {
			};
		};
		437DFFA80870AF5B00AA5DC4 = {
			fileRef = 437DFF160870AF5B00AA5DC4;
			isa = PBXBuildFile;
			settings = {
			};
		};
		437DFFA90870AF5B00AA5DC4 = {
			fileRef = 437DFF170870AF5B00AA5DC4;
			isa = PBXBuildFile;
			settings = {
			};
		};
		437DFFAA0870AF5B00AA5DC4 = {
			fileRef = 437DFF180870AF5B00AA5DC4;
			isa = PBXBuildFile;
			settings = {
			};
		};
		437DFFAB0870AF5B00AA5DC4 = {
			fileRef = 437DFF190870AF5B00AA5DC4;
			isa = PBXBuildFile;
			settings = {
			};
		};
		437DFFAC0870AF5B00AA5DC4 = {
			fileRef = 437DFF1A0870AF5B00AA5DC4;
			isa = PBXBuildFile;
			settings = {
			};
		};
		437DFFAD0870AF5B00AA5DC4 = {
			fileRef = 437DFF1B0870AF5B00AA5DC4;
			isa = PBXBuildFile;
			settings = {
			};
		};
		437DFFAE0870AF5B00AA5DC4 = {
			fileRef = 437DFF1C0870AF5B00AA5DC4;
			isa = PBXBuildFile;
			settings = {
			};
		};
		437DFFAF0870AF5B00AA5DC4 = {
			fileRef = 437DFF1D0870AF5B00AA5DC4;
			isa = PBXBuildFile;
			settings = {
			};
		};
		437DFFB00870AF5B00AA5DC4 = {
			fileRef = 437DFF1E0870AF5B00AA5DC4;
			isa = PBXBuildFile;
			settings = {
			};
		};
		437DFFB10870AF5B00AA5DC4 = {
			fileRef = 437DFF1F0870AF5B00AA5DC4;
			isa = PBXBuildFile;
			settings = {
			};
		};
		437DFFB20870AF5B00AA5DC4 = {
			fileRef = 437DFF200870AF5B00AA5DC4;
			isa = PBXBuildFile;
			settings = {
			};
		};
		437DFFB30870AF5B00AA5DC4 = {
			fileRef = 437DFF210870AF5B00AA5DC4;
			isa = PBXBuildFile;
			settings = {
			};
		};
		437DFFB40870AF5B00AA5DC4 = {
			fileRef = 437DFF220870AF5B00AA5DC4;
			isa = PBXBuildFile;
			settings = {
			};
		};
		437DFFB50870AF5B00AA5DC4 = {
			fileRef = 437DFF230870AF5B00AA5DC4;
			isa = PBXBuildFile;
			settings = {
			};
		};
		437DFFB60870AF5B00AA5DC4 = {
			fileRef = 437DFF240870AF5B00AA5DC4;
			isa = PBXBuildFile;
			settings = {
			};
		};
		437DFFB70870AF5B00AA5DC4 = {
			fileRef = 437DFF250870AF5B00AA5DC4;
			isa = PBXBuildFile;
			settings = {
			};
		};
		437DFFB80870AF5B00AA5DC4 = {
			fileRef = 437DFF260870AF5B00AA5DC4;
			isa = PBXBuildFile;
			settings = {
			};
		};
		437DFFB90870AF5B00AA5DC4 = {
			fileRef = 437DFF270870AF5B00AA5DC4;
			isa = PBXBuildFile;
			settings = {
			};
		};
		437DFFBA0870AF5B00AA5DC4 = {
			fileRef = 437DFF280870AF5B00AA5DC4;
			isa = PBXBuildFile;
			settings = {
			};
		};
		437DFFBB0870AF5B00AA5DC4 = {
			fileRef = 437DFF290870AF5B00AA5DC4;
			isa = PBXBuildFile;
			settings = {
			};
		};
		437DFFBC0870AF5B00AA5DC4 = {
			fileRef = 437DFF2B0870AF5B00AA5DC4;
			isa = PBXBuildFile;
			settings = {
			};
		};
		437DFFBD0870AF5B00AA5DC4 = {
			fileRef = 437DFF2C0870AF5B00AA5DC4;
			isa = PBXBuildFile;
			settings = {
			};
		};
		437DFFBE0870AF5B00AA5DC4 = {
			fileRef = 437DFF2D0870AF5B00AA5DC4;
			isa = PBXBuildFile;
			settings = {
			};
		};
		437DFFBF0870AF5B00AA5DC4 = {
			fileRef = 437DFF2F0870AF5B00AA5DC4;
			isa = PBXBuildFile;
			settings = {
			};
		};
		437DFFC00870AF5B00AA5DC4 = {
			fileRef = 437DFF300870AF5B00AA5DC4;
			isa = PBXBuildFile;
			settings = {
			};
		};
		437DFFC10870AF5B00AA5DC4 = {
			fileRef = 437DFF310870AF5B00AA5DC4;
			isa = PBXBuildFile;
			settings = {
			};
		};
		437DFFC20870AF5B00AA5DC4 = {
			fileRef = 437DFF320870AF5B00AA5DC4;
			isa = PBXBuildFile;
			settings = {
			};
		};
		437DFFC30870AF5B00AA5DC4 = {
			fileRef = 437DFF340870AF5B00AA5DC4;
			isa = PBXBuildFile;
			settings = {
			};
		};
		437DFFC40870AF5B00AA5DC4 = {
			fileRef = 437DFF350870AF5B00AA5DC4;
			isa = PBXBuildFile;
			settings = {
			};
		};
		437DFFC50870AF5B00AA5DC4 = {
			fileRef = 437DFF360870AF5B00AA5DC4;
			isa = PBXBuildFile;
			settings = {
			};
		};
		437DFFC60870AF5B00AA5DC4 = {
			fileRef = 437DFF370870AF5B00AA5DC4;
			isa = PBXBuildFile;
			settings = {
			};
		};
		437DFFC70870AF5B00AA5DC4 = {
			fileRef = 437DFF380870AF5B00AA5DC4;
			isa = PBXBuildFile;
			settings = {
			};
		};
		437DFFC80870AF5B00AA5DC4 = {
			fileRef = 437DFF390870AF5B00AA5DC4;
			isa = PBXBuildFile;
			settings = {
			};
		};
		437DFFC90870AF5B00AA5DC4 = {
			fileRef = 437DFF3A0870AF5B00AA5DC4;
			isa = PBXBuildFile;
			settings = {
			};
		};
		437DFFCA0870AF5B00AA5DC4 = {
			fileRef = 437DFF3B0870AF5B00AA5DC4;
			isa = PBXBuildFile;
			settings = {
			};
		};
		437DFFCB0870AF5B00AA5DC4 = {
			fileRef = 437DFF3C0870AF5B00AA5DC4;
			isa = PBXBuildFile;
			settings = {
			};
		};
		437DFFCC0870AF5B00AA5DC4 = {
			fileRef = 437DFF3D0870AF5B00AA5DC4;
			isa = PBXBuildFile;
			settings = {
			};
		};
		437DFFCD0870AF5B00AA5DC4 = {
			fileRef = 437DFF3E0870AF5B00AA5DC4;
			isa = PBXBuildFile;
			settings = {
			};
		};
		437DFFCE0870AF5B00AA5DC4 = {
			fileRef = 437DFF3F0870AF5B00AA5DC4;
			isa = PBXBuildFile;
			settings = {
			};
		};
		437DFFCF0870AF5B00AA5DC4 = {
			fileRef = 437DFF400870AF5B00AA5DC4;
			isa = PBXBuildFile;
			settings = {
			};
		};
		437DFFD00870AF5B00AA5DC4 = {
			fileRef = 437DFF410870AF5B00AA5DC4;
			isa = PBXBuildFile;
			settings = {
			};
		};
		437DFFD10870AF5B00AA5DC4 = {
			fileRef = 437DFF430870AF5B00AA5DC4;
			isa = PBXBuildFile;
			settings = {
			};
		};
		437DFFD20870AF5B00AA5DC4 = {
			fileRef = 437DFF440870AF5B00AA5DC4;
			isa = PBXBuildFile;
			settings = {
			};
		};
		437DFFD30870AF5B00AA5DC4 = {
			fileRef = 437DFF460870AF5B00AA5DC4;
			isa = PBXBuildFile;
			settings = {
			};
		};
		437DFFD40870AF5B00AA5DC4 = {
			fileRef = 437DFF470870AF5B00AA5DC4;
			isa = PBXBuildFile;
			settings = {
			};
		};
		437DFFD50870AF5B00AA5DC4 = {
			fileRef = 437DFF480870AF5B00AA5DC4;
			isa = PBXBuildFile;
			settings = {
			};
		};
		437DFFD60870AF5B00AA5DC4 = {
			fileRef = 437DFF490870AF5B00AA5DC4;
			isa = PBXBuildFile;
			settings = {
			};
		};
		437DFFD70870AF5B00AA5DC4 = {
			fileRef = 437DFF4A0870AF5B00AA5DC4;
			isa = PBXBuildFile;
			settings = {
			};
		};
		437DFFD80870AF5B00AA5DC4 = {
			fileRef = 437DFF4B0870AF5B00AA5DC4;
			isa = PBXBuildFile;
			settings = {
			};
		};
		437DFFD90870AF5B00AA5DC4 = {
			fileRef = 437DFF4C0870AF5B00AA5DC4;
			isa = PBXBuildFile;
			settings = {
			};
		};
		437DFFDA0870AF5B00AA5DC4 = {
			fileRef = 437DFF4D0870AF5B00AA5DC4;
			isa = PBXBuildFile;
			settings = {
			};
		};
		437DFFDB0870AF5B00AA5DC4 = {
			fileRef = 437DFF4E0870AF5B00AA5DC4;
			isa = PBXBuildFile;
			settings = {
			};
		};
		437DFFDC0870AF5B00AA5DC4 = {
			fileRef = 437DFF4F0870AF5B00AA5DC4;
			isa = PBXBuildFile;
			settings = {
			};
		};
		437DFFDD0870AF5B00AA5DC4 = {
			fileRef = 437DFF500870AF5B00AA5DC4;
			isa = PBXBuildFile;
			settings = {
			};
		};
		437DFFDE0870AF5B00AA5DC4 = {
			fileRef = 437DFF510870AF5B00AA5DC4;
			isa = PBXBuildFile;
			settings = {
			};
		};
		437DFFDF0870AF5B00AA5DC4 = {
			fileRef = 437DFF520870AF5B00AA5DC4;
			isa = PBXBuildFile;
			settings = {
			};
		};
		437DFFE00870AF5B00AA5DC4 = {
			fileRef = 437DFF530870AF5B00AA5DC4;
			isa = PBXBuildFile;
			settings = {
			};
		};
		437DFFE10870AF5B00AA5DC4 = {
			fileRef = 437DFF550870AF5B00AA5DC4;
			isa = PBXBuildFile;
			settings = {
			};
		};
		437DFFE20870AF5B00AA5DC4 = {
			fileRef = 437DFF560870AF5B00AA5DC4;
			isa = PBXBuildFile;
			settings = {
			};
		};
		437DFFE30870AF5B00AA5DC4 = {
			fileRef = 437DFF580870AF5B00AA5DC4;
			isa = PBXBuildFile;
			settings = {
			};
		};
		437DFFE40870AF5B00AA5DC4 = {
			fileRef = 437DFF590870AF5B00AA5DC4;
			isa = PBXBuildFile;
			settings = {
			};
		};
		43B7D140085F755E00C2A48C = {
			isa = PBXFileReference;
			lastKnownFileType = "compiled.mach-o.dylib";
			name = libUsul.dylib;
			path = ../lib/libUsul.dylib;
			refType = 2;
			sourceTree = SOURCE_ROOT;
		};
		43B7D141085F755E00C2A48C = {
			fileRef = 43B7D140085F755E00C2A48C;
			isa = PBXBuildFile;
			settings = {
			};
		};
		43B7D147085F762D00C2A48C = {
			children = (
				43B7D140085F755E00C2A48C,
				43072A8008633F840094F9EB,
			);
			isa = PBXGroup;
			name = Libs;
			refType = 4;
			sourceTree = "<group>";
		};
//430
//431
//432
//433
//434
//D20
//D21
//D22
//D23
//D24
		D289988505E68E00004EDB86 = {
			buildActionMask = 2147483647;
			files = (
				43B7D141085F755E00C2A48C,
				43072A8108633F840094F9EB,
			);
			isa = PBXFrameworksBuildPhase;
			runOnlyForDeploymentPostprocessing = 0;
		};
		D2AAC0600554660B00DB518D = {
			buildActionMask = 2147483647;
			files = (
				437DFF5B0870AF5B00AA5DC4,
				437DFF5D0870AF5B00AA5DC4,
				437DFF5E0870AF5B00AA5DC4,
				437DFF5F0870AF5B00AA5DC4,
				437DFF610870AF5B00AA5DC4,
				437DFF630870AF5B00AA5DC4,
				437DFF650870AF5B00AA5DC4,
				437DFF660870AF5B00AA5DC4,
				437DFF670870AF5B00AA5DC4,
				437DFF690870AF5B00AA5DC4,
				437DFF6B0870AF5B00AA5DC4,
				437DFF6D0870AF5B00AA5DC4,
				437DFF6F0870AF5B00AA5DC4,
				437DFF710870AF5B00AA5DC4,
				437DFF730870AF5B00AA5DC4,
				437DFF750870AF5B00AA5DC4,
				437DFF770870AF5B00AA5DC4,
				437DFF780870AF5B00AA5DC4,
				437DFF790870AF5B00AA5DC4,
				437DFF7A0870AF5B00AA5DC4,
				437DFF7B0870AF5B00AA5DC4,
				437DFF7C0870AF5B00AA5DC4,
				437DFF7D0870AF5B00AA5DC4,
				437DFF7E0870AF5B00AA5DC4,
				437DFF7F0870AF5B00AA5DC4,
				437DFF800870AF5B00AA5DC4,
				437DFF810870AF5B00AA5DC4,
				437DFF820870AF5B00AA5DC4,
				437DFF830870AF5B00AA5DC4,
				437DFF840870AF5B00AA5DC4,
				437DFF850870AF5B00AA5DC4,
				437DFF860870AF5B00AA5DC4,
				437DFF870870AF5B00AA5DC4,
				437DFF880870AF5B00AA5DC4,
				437DFF890870AF5B00AA5DC4,
				437DFF8A0870AF5B00AA5DC4,
				437DFF8B0870AF5B00AA5DC4,
				437DFF8C0870AF5B00AA5DC4,
				437DFF8D0870AF5B00AA5DC4,
				437DFF8E0870AF5B00AA5DC4,
				437DFF8F0870AF5B00AA5DC4,
				437DFF900870AF5B00AA5DC4,
				437DFF910870AF5B00AA5DC4,
				437DFF920870AF5B00AA5DC4,
				437DFF930870AF5B00AA5DC4,
				437DFF940870AF5B00AA5DC4,
				437DFF950870AF5B00AA5DC4,
				437DFF960870AF5B00AA5DC4,
				437DFF970870AF5B00AA5DC4,
				437DFF980870AF5B00AA5DC4,
				437DFF990870AF5B00AA5DC4,
				437DFF9A0870AF5B00AA5DC4,
				437DFF9B0870AF5B00AA5DC4,
				437DFF9C0870AF5B00AA5DC4,
				437DFF9D0870AF5B00AA5DC4,
				437DFF9E0870AF5B00AA5DC4,
				437DFF9F0870AF5B00AA5DC4,
				437DFFA00870AF5B00AA5DC4,
				437DFFA10870AF5B00AA5DC4,
				437DFFA20870AF5B00AA5DC4,
				437DFFA30870AF5B00AA5DC4,
				437DFFA40870AF5B00AA5DC4,
				437DFFA50870AF5B00AA5DC4,
				437DFFA60870AF5B00AA5DC4,
				437DFFA70870AF5B00AA5DC4,
				437DFFA80870AF5B00AA5DC4,
				437DFFA90870AF5B00AA5DC4,
				437DFFAA0870AF5B00AA5DC4,
				437DFFAB0870AF5B00AA5DC4,
				437DFFAC0870AF5B00AA5DC4,
				437DFFAD0870AF5B00AA5DC4,
				437DFFAE0870AF5B00AA5DC4,
				437DFFAF0870AF5B00AA5DC4,
				437DFFB00870AF5B00AA5DC4,
				437DFFB10870AF5B00AA5DC4,
				437DFFB20870AF5B00AA5DC4,
				437DFFB30870AF5B00AA5DC4,
				437DFFB40870AF5B00AA5DC4,
				437DFFB50870AF5B00AA5DC4,
				437DFFB60870AF5B00AA5DC4,
				437DFFB70870AF5B00AA5DC4,
				437DFFB80870AF5B00AA5DC4,
				437DFFB90870AF5B00AA5DC4,
				437DFFBA0870AF5B00AA5DC4,
				437DFFBB0870AF5B00AA5DC4,
				437DFFBD0870AF5B00AA5DC4,
				437DFFBE0870AF5B00AA5DC4,
				437DFFC00870AF5B00AA5DC4,
				437DFFC20870AF5B00AA5DC4,
				437DFFC40870AF5B00AA5DC4,
				437DFFC60870AF5B00AA5DC4,
				437DFFC80870AF5B00AA5DC4,
				437DFFCA0870AF5B00AA5DC4,
				437DFFCC0870AF5B00AA5DC4,
				437DFFCE0870AF5B00AA5DC4,
				437DFFD00870AF5B00AA5DC4,
				437DFFD20870AF5B00AA5DC4,
				437DFFD40870AF5B00AA5DC4,
				437DFFD60870AF5B00AA5DC4,
				437DFFD80870AF5B00AA5DC4,
				437DFFDA0870AF5B00AA5DC4,
				437DFFDC0870AF5B00AA5DC4,
				437DFFDE0870AF5B00AA5DC4,
				437DFFE00870AF5B00AA5DC4,
				437DFFE20870AF5B00AA5DC4,
				437DFFE40870AF5B00AA5DC4,
			);
			isa = PBXHeadersBuildPhase;
			runOnlyForDeploymentPostprocessing = 0;
		};
		D2AAC0610554660B00DB518D = {
			buildActionMask = 2147483647;
			files = (
				437DFF5A0870AF5B00AA5DC4,
				437DFF5C0870AF5B00AA5DC4,
				437DFF600870AF5B00AA5DC4,
				437DFF620870AF5B00AA5DC4,
				437DFF640870AF5B00AA5DC4,
				437DFF680870AF5B00AA5DC4,
				437DFF6A0870AF5B00AA5DC4,
				437DFF6C0870AF5B00AA5DC4,
				437DFF6E0870AF5B00AA5DC4,
				437DFF700870AF5B00AA5DC4,
				437DFF720870AF5B00AA5DC4,
				437DFF740870AF5B00AA5DC4,
				437DFF760870AF5B00AA5DC4,
				437DFFBC0870AF5B00AA5DC4,
				437DFFBF0870AF5B00AA5DC4,
				437DFFC10870AF5B00AA5DC4,
				437DFFC30870AF5B00AA5DC4,
				437DFFC50870AF5B00AA5DC4,
				437DFFC70870AF5B00AA5DC4,
				437DFFC90870AF5B00AA5DC4,
				437DFFCB0870AF5B00AA5DC4,
				437DFFCD0870AF5B00AA5DC4,
				437DFFCF0870AF5B00AA5DC4,
				437DFFD10870AF5B00AA5DC4,
				437DFFD30870AF5B00AA5DC4,
				437DFFD50870AF5B00AA5DC4,
				437DFFD70870AF5B00AA5DC4,
				437DFFD90870AF5B00AA5DC4,
				437DFFDB0870AF5B00AA5DC4,
				437DFFDD0870AF5B00AA5DC4,
				437DFFDF0870AF5B00AA5DC4,
				437DFFE10870AF5B00AA5DC4,
				437DFFE30870AF5B00AA5DC4,
			);
			isa = PBXSourcesBuildPhase;
			runOnlyForDeploymentPostprocessing = 0;
		};
		D2AAC0620554660B00DB518D = {
			buildPhases = (
				D2AAC0600554660B00DB518D,
				D2AAC0610554660B00DB518D,
				D289988505E68E00004EDB86,
			);
			buildRules = (
			);
			buildSettings = {
				DYLIB_COMPATIBILITY_VERSION = 1;
				DYLIB_CURRENT_VERSION = 1;
				EXECUTABLE_PREFIX = lib;
				GCC_GENERATE_DEBUGGING_SYMBOLS = NO;
				GCC_MODEL_TUNING = G4;
				GCC_PREPROCESSOR_DEFINITIONS = "_DEBUG _COMPILING_FOX_TOOLS";
				GCC_WARN_ABOUT_RETURN_TYPE = YES;
				GCC_WARN_UNUSED_VARIABLE = YES;
				HEADER_SEARCH_PATHS = "/Users/mjackson/Projects/ /usr/local/include/fox-1.4 /usr/local/include/boost";
				INSTALL_PATH = /usr/local/lib;
				LIBRARY_SEARCH_PATHS = ../lib;
				LIBRARY_STYLE = DYNAMIC;
				OTHER_CFLAGS = "-no-cpp-precomp";
				OTHER_LDFLAGS = "";
				PREBINDING = NO;
				PRODUCT_NAME = FoxTools;
				SYMROOT = ../lib;
			};
			dependencies = (
			);
			isa = PBXNativeTarget;
			name = FoxTools;
			productName = FoxTools;
			productReference = D2AAC0630554660B00DB518D;
			productType = "com.apple.product-type.library.dynamic";
		};
		D2AAC0630554660B00DB518D = {
			explicitFileType = "compiled.mach-o.dylib";
			includeInIndex = 0;
			isa = PBXFileReference;
			path = libFoxTools.dylib;
			refType = 3;
			sourceTree = BUILT_PRODUCTS_DIR;
		};
	};
	rootObject = 08FB7793FE84155DC02AAC07;
}
